// !$*UTF8*$!
{
	archiveVersion = 1;
	classes = {
	};
	objectVersion = 46;
	objects = {

/* Begin PBXBuildFile section */
		0B03DD0D1613F99900B7519F /* Default-568h@2x.png in Resources */ = {isa = PBXBuildFile; fileRef = 0B03DD0C1613F99900B7519F /* Default-568h@2x.png */; };
		0B0A6768157C275D00C79FC2 /* UIKit.framework in Frameworks */ = {isa = PBXBuildFile; fileRef = 0B0A6767157C275D00C79FC2 /* UIKit.framework */; };
		0B0A676A157C275D00C79FC2 /* Foundation.framework in Frameworks */ = {isa = PBXBuildFile; fileRef = 0B0A6769157C275D00C79FC2 /* Foundation.framework */; };
		0B0A676C157C275D00C79FC2 /* CoreGraphics.framework in Frameworks */ = {isa = PBXBuildFile; fileRef = 0B0A676B157C275D00C79FC2 /* CoreGraphics.framework */; };
		0B0A6772157C275D00C79FC2 /* InfoPlist.strings in Resources */ = {isa = PBXBuildFile; fileRef = 0B0A6770157C275D00C79FC2 /* InfoPlist.strings */; };
		0B0A6774157C275D00C79FC2 /* main.m in Sources */ = {isa = PBXBuildFile; fileRef = 0B0A6773157C275D00C79FC2 /* main.m */; };
		0B0A6778157C275D00C79FC2 /* SimpleVocabAppDelegate.m in Sources */ = {isa = PBXBuildFile; fileRef = 0B0A6777157C275D00C79FC2 /* SimpleVocabAppDelegate.m */; };
		0B0A677B157C275D00C79FC2 /* MainStoryboard_iPhone.storyboard in Resources */ = {isa = PBXBuildFile; fileRef = 0B0A6779157C275D00C79FC2 /* MainStoryboard_iPhone.storyboard */; };
		0B0A677E157C275E00C79FC2 /* Main_iPad.storyboard in Resources */ = {isa = PBXBuildFile; fileRef = 0B0A677C157C275E00C79FC2 /* Main_iPad.storyboard */; };
		0B0A6794157C275E00C79FC2 /* SenTestingKit.framework in Frameworks */ = {isa = PBXBuildFile; fileRef = 0B0A6793157C275E00C79FC2 /* SenTestingKit.framework */; };
		0B0A6795157C275E00C79FC2 /* UIKit.framework in Frameworks */ = {isa = PBXBuildFile; fileRef = 0B0A6767157C275D00C79FC2 /* UIKit.framework */; };
		0B0A6796157C275E00C79FC2 /* Foundation.framework in Frameworks */ = {isa = PBXBuildFile; fileRef = 0B0A6769157C275D00C79FC2 /* Foundation.framework */; };
		0B0A679E157C275E00C79FC2 /* InfoPlist.strings in Resources */ = {isa = PBXBuildFile; fileRef = 0B0A679C157C275E00C79FC2 /* InfoPlist.strings */; };
		0B0A67A1157C275E00C79FC2 /* SimpleVocabTests.m in Sources */ = {isa = PBXBuildFile; fileRef = 0B0A67A0157C275E00C79FC2 /* SimpleVocabTests.m */; };
		0B0BF2321803AB7F007DB7DF /* FlashCardViewController.m in Sources */ = {isa = PBXBuildFile; fileRef = 0B0BF2311803AB7F007DB7DF /* FlashCardViewController.m */; };
		0B0CFBF1158E8927000C029C /* ListContentsViewController.m in Sources */ = {isa = PBXBuildFile; fileRef = 0B0CFBF0158E8927000C029C /* ListContentsViewController.m */; };
		0B129D6B15D0D1C900DEE694 /* FMDatabase.m in Sources */ = {isa = PBXBuildFile; fileRef = 0B129D6615D0D1C900DEE694 /* FMDatabase.m */; };
		0B129D6C15D0D1C900DEE694 /* FMDatabaseAdditions.m in Sources */ = {isa = PBXBuildFile; fileRef = 0B129D6815D0D1C900DEE694 /* FMDatabaseAdditions.m */; };
		0B129D6D15D0D1C900DEE694 /* FMResultSet.m in Sources */ = {isa = PBXBuildFile; fileRef = 0B129D6A15D0D1C900DEE694 /* FMResultSet.m */; };
		0B26B1051623CF4000293D69 /* Social.framework in Frameworks */ = {isa = PBXBuildFile; fileRef = 0B26B1041623CF4000293D69 /* Social.framework */; };
		0B2FBDAB172F78B400423EB6 /* Crashlytics.framework in Frameworks */ = {isa = PBXBuildFile; fileRef = 0B2FBDAA172F78B400423EB6 /* Crashlytics.framework */; };
		0B344A1115892E68003C7722 /* EditableTableViewCell.m in Sources */ = {isa = PBXBuildFile; fileRef = 0B344A1015892E68003C7722 /* EditableTableViewCell.m */; };
		0B49741417E0080500AC5A09 /* Main_iPhone.storyboard in Resources */ = {isa = PBXBuildFile; fileRef = 0B49741317E0080500AC5A09 /* Main_iPhone.storyboard */; };
		0B53C78815DB79D5009DA3DF /* contact.png in Resources */ = {isa = PBXBuildFile; fileRef = 0B53C78615DB79D5009DA3DF /* contact.png */; };
		0B53C78915DB79D5009DA3DF /* contact@2x.png in Resources */ = {isa = PBXBuildFile; fileRef = 0B53C78715DB79D5009DA3DF /* contact@2x.png */; };
		0B53C78C15DB7B0F009DA3DF /* ContactViewController.m in Sources */ = {isa = PBXBuildFile; fileRef = 0B53C78B15DB7B0F009DA3DF /* ContactViewController.m */; };
		0B53C79615DB8CAD009DA3DF /* MessageUI.framework in Frameworks */ = {isa = PBXBuildFile; fileRef = 0B53C79515DB8CAD009DA3DF /* MessageUI.framework */; };
		0B6AAC1E158EF0B30043FD80 /* ListTemplateViewController.m in Sources */ = {isa = PBXBuildFile; fileRef = 0B6AAC1D158EF0B30043FD80 /* ListTemplateViewController.m */; };
		0B6AAC23158EF1080043FD80 /* ListModalViewController.m in Sources */ = {isa = PBXBuildFile; fileRef = 0B6AAC22158EF1080043FD80 /* ListModalViewController.m */; };
		0B6BA76C1762E4CF00216DCE /* SimpleVocab.sqlite in Resources */ = {isa = PBXBuildFile; fileRef = 0B6BA76B1762E4CF00216DCE /* SimpleVocab.sqlite */; };
		0B6C920C167FF9FB00689DEF /* WordNetDictionary.m in Sources */ = {isa = PBXBuildFile; fileRef = 0B6C920A167FF9FB00689DEF /* WordNetDictionary.m */; };
		0B6C920D167FF9FB00689DEF /* WordNetDictionary.sqlite in Resources */ = {isa = PBXBuildFile; fileRef = 0B6C920B167FF9FB00689DEF /* WordNetDictionary.sqlite */; };
		0B71392F157D2F360018D022 /* DictionarySearchViewController.m in Sources */ = {isa = PBXBuildFile; fileRef = 0B71392E157D2F360018D022 /* DictionarySearchViewController.m */; };
		0B713938157D304D0018D022 /* CoreText.framework in Frameworks */ = {isa = PBXBuildFile; fileRef = 0B713937157D304D0018D022 /* CoreText.framework */; };
		0B71393A157D305A0018D022 /* SystemConfiguration.framework in Frameworks */ = {isa = PBXBuildFile; fileRef = 0B713939157D305A0018D022 /* SystemConfiguration.framework */; };
		0B713954157D37F70018D022 /* book.png in Resources */ = {isa = PBXBuildFile; fileRef = 0B713949157D37F70018D022 /* book.png */; };
		0B713955157D37F70018D022 /* book@2x.png in Resources */ = {isa = PBXBuildFile; fileRef = 0B71394A157D37F70018D022 /* book@2x.png */; };
		0B713956157D37F70018D022 /* flashcards.png in Resources */ = {isa = PBXBuildFile; fileRef = 0B71394B157D37F70018D022 /* flashcards.png */; };
		0B713957157D37F70018D022 /* flashcards@2x.png in Resources */ = {isa = PBXBuildFile; fileRef = 0B71394C157D37F70018D022 /* flashcards@2x.png */; };
		0B713958157D37F70018D022 /* gear.png in Resources */ = {isa = PBXBuildFile; fileRef = 0B71394D157D37F70018D022 /* gear.png */; };
		0B713959157D37F70018D022 /* gear@2x.png in Resources */ = {isa = PBXBuildFile; fileRef = 0B71394E157D37F70018D022 /* gear@2x.png */; };
		0B71395A157D37F70018D022 /* info.png in Resources */ = {isa = PBXBuildFile; fileRef = 0B71394F157D37F70018D022 /* info.png */; };
		0B71395B157D37F70018D022 /* info@2x.png in Resources */ = {isa = PBXBuildFile; fileRef = 0B713950157D37F70018D022 /* info@2x.png */; };
		0B71395C157D37F70018D022 /* notepad.png in Resources */ = {isa = PBXBuildFile; fileRef = 0B713951157D37F70018D022 /* notepad.png */; };
		0B71395D157D37F70018D022 /* notepad@2x.png in Resources */ = {isa = PBXBuildFile; fileRef = 0B713952157D37F70018D022 /* notepad@2x.png */; };
		0B713960157D400A0018D022 /* WordDefinitionViewController.m in Sources */ = {isa = PBXBuildFile; fileRef = 0B71395F157D400A0018D022 /* WordDefinitionViewController.m */; };
		0B713966157D42930018D022 /* SVProgressHUD.m in Sources */ = {isa = PBXBuildFile; fileRef = 0B713964157D42930018D022 /* SVProgressHUD.m */; };
		0B728E4E176809C7006A0D70 /* envelope.png in Resources */ = {isa = PBXBuildFile; fileRef = 0B728E4C176809C7006A0D70 /* envelope.png */; };
		0B728E4F176809C7006A0D70 /* envelope@2x.png in Resources */ = {isa = PBXBuildFile; fileRef = 0B728E4D176809C7006A0D70 /* envelope@2x.png */; };
		0B8FD9FD157E9EC900AE370B /* CoreData.framework in Frameworks */ = {isa = PBXBuildFile; fileRef = 0B8FD9FC157E9EC900AE370B /* CoreData.framework */; };
		0BABEA9C16335C8700D0B237 /* SimpleVocabData.m in Sources */ = {isa = PBXBuildFile; fileRef = 0BABEA9B16335C8700D0B237 /* SimpleVocabData.m */; };
		0BADF914162BAD4400C5D89E /* SimpleVocab.xcdatamodeld in Sources */ = {isa = PBXBuildFile; fileRef = 0BADF912162BAD4400C5D89E /* SimpleVocab.xcdatamodeld */; };
		0BB50A9915D1FA3800417EDD /* FlashCardGameViewController.m in Sources */ = {isa = PBXBuildFile; fileRef = 0BB50A9815D1FA3800417EDD /* FlashCardGameViewController.m */; };
		0BBC0032157EF3E10062B82F /* ListViewController.m in Sources */ = {isa = PBXBuildFile; fileRef = 0BBC0031157EF3E00062B82F /* ListViewController.m */; };
		0BBCFFD5157EC1AB0062B82F /* Word.m in Sources */ = {isa = PBXBuildFile; fileRef = 0BBCFFD4157EC1AB0062B82F /* Word.m */; };
		0BBCFFD9157EC1AB0062B82F /* SearchBarContents.m in Sources */ = {isa = PBXBuildFile; fileRef = 0BBCFFD8157EC1AB0062B82F /* SearchBarContents.m */; };
		0BBCFFDD157EC1AB0062B82F /* List.m in Sources */ = {isa = PBXBuildFile; fileRef = 0BBCFFDC157EC1AB0062B82F /* List.m */; };
		0BBCFFE1157EC1AB0062B82F /* AllLists.m in Sources */ = {isa = PBXBuildFile; fileRef = 0BBCFFE0157EC1AB0062B82F /* AllLists.m */; };
		0BBD3E3315D286DB00B58B67 /* QuartzCore.framework in Frameworks */ = {isa = PBXBuildFile; fileRef = 0BBD3E3215D286DB00B58B67 /* QuartzCore.framework */; };
		0BC722EA15D250A800F3AF49 /* FlashCardSelectViewController.m in Sources */ = {isa = PBXBuildFile; fileRef = 0BC722E915D250A800F3AF49 /* FlashCardSelectViewController.m */; };
		0BEC6985176038C100EBD5E8 /* libsqlite3.dylib in Frameworks */ = {isa = PBXBuildFile; fileRef = 0B8FD9FE157E9EE900AE370B /* libsqlite3.dylib */; };
		0BEC698D17603BBE00EBD5E8 /* Icon-iPad.png in Resources */ = {isa = PBXBuildFile; fileRef = 0BEC698717603BBE00EBD5E8 /* Icon-iPad.png */; };
		0BEC698E17603BBE00EBD5E8 /* Icon-iPad@2x.png in Resources */ = {isa = PBXBuildFile; fileRef = 0BEC698817603BBE00EBD5E8 /* Icon-iPad@2x.png */; };
		0BEC698F17603BBE00EBD5E8 /* Icon.png in Resources */ = {isa = PBXBuildFile; fileRef = 0BEC698917603BBE00EBD5E8 /* Icon.png */; };
		0BEC699017603BBE00EBD5E8 /* Icon@2x.png in Resources */ = {isa = PBXBuildFile; fileRef = 0BEC698A17603BBE00EBD5E8 /* Icon@2x.png */; };
		0BEC699417603C3500EBD5E8 /* SVProgressHUD.bundle in Resources */ = {isa = PBXBuildFile; fileRef = 0BEC699317603C3500EBD5E8 /* SVProgressHUD.bundle */; };
		0BEC699517603D9300EBD5E8 /* iTunesArtwork in Resources */ = {isa = PBXBuildFile; fileRef = 0BEC698B17603BBE00EBD5E8 /* iTunesArtwork */; };
		0BEC699617603D9300EBD5E8 /* iTunesArtwork@2x in Resources */ = {isa = PBXBuildFile; fileRef = 0BEC698C17603BBE00EBD5E8 /* iTunesArtwork@2x */; };
/* End PBXBuildFile section */

/* Begin PBXContainerItemProxy section */
		0B0A6797157C275E00C79FC2 /* PBXContainerItemProxy */ = {
			isa = PBXContainerItemProxy;
			containerPortal = 0B0A675A157C275D00C79FC2 /* Project object */;
			proxyType = 1;
			remoteGlobalIDString = 0B0A6762157C275D00C79FC2;
			remoteInfo = StudyDictionary;
		};
/* End PBXContainerItemProxy section */

/* Begin PBXFileReference section */
		0B03DD0C1613F99900B7519F /* Default-568h@2x.png */ = {isa = PBXFileReference; lastKnownFileType = image.png; name = "Default-568h@2x.png"; path = "Images/Misc/Default-568h@2x.png"; sourceTree = "<group>"; };
		0B0A6763157C275D00C79FC2 /* SimpleVocab.app */ = {isa = PBXFileReference; explicitFileType = wrapper.application; includeInIndex = 0; path = SimpleVocab.app; sourceTree = BUILT_PRODUCTS_DIR; };
		0B0A6767157C275D00C79FC2 /* UIKit.framework */ = {isa = PBXFileReference; lastKnownFileType = wrapper.framework; name = UIKit.framework; path = System/Library/Frameworks/UIKit.framework; sourceTree = SDKROOT; };
		0B0A6769157C275D00C79FC2 /* Foundation.framework */ = {isa = PBXFileReference; lastKnownFileType = wrapper.framework; name = Foundation.framework; path = System/Library/Frameworks/Foundation.framework; sourceTree = SDKROOT; };
		0B0A676B157C275D00C79FC2 /* CoreGraphics.framework */ = {isa = PBXFileReference; lastKnownFileType = wrapper.framework; name = CoreGraphics.framework; path = System/Library/Frameworks/CoreGraphics.framework; sourceTree = SDKROOT; };
		0B0A676F157C275D00C79FC2 /* SimpleVocab-Info.plist */ = {isa = PBXFileReference; lastKnownFileType = text.plist.xml; path = "SimpleVocab-Info.plist"; sourceTree = "<group>"; };
		0B0A6771157C275D00C79FC2 /* en */ = {isa = PBXFileReference; lastKnownFileType = text.plist.strings; name = en; path = en.lproj/InfoPlist.strings; sourceTree = "<group>"; };
		0B0A6773157C275D00C79FC2 /* main.m */ = {isa = PBXFileReference; lastKnownFileType = sourcecode.c.objc; path = main.m; sourceTree = "<group>"; };
		0B0A6775157C275D00C79FC2 /* SimpleVocab-Prefix.pch */ = {isa = PBXFileReference; lastKnownFileType = sourcecode.c.h; path = "SimpleVocab-Prefix.pch"; sourceTree = "<group>"; };
		0B0A6776157C275D00C79FC2 /* SimpleVocabAppDelegate.h */ = {isa = PBXFileReference; lastKnownFileType = sourcecode.c.h; path = SimpleVocabAppDelegate.h; sourceTree = "<group>"; };
		0B0A6777157C275D00C79FC2 /* SimpleVocabAppDelegate.m */ = {isa = PBXFileReference; lastKnownFileType = sourcecode.c.objc; path = SimpleVocabAppDelegate.m; sourceTree = "<group>"; };
		0B0A677A157C275D00C79FC2 /* en */ = {isa = PBXFileReference; lastKnownFileType = file.storyboard; name = en; path = en.lproj/MainStoryboard_iPhone.storyboard; sourceTree = "<group>"; };
		0B0A677D157C275E00C79FC2 /* en */ = {isa = PBXFileReference; lastKnownFileType = file.storyboard; name = en; path = en.lproj/Main_iPad.storyboard; sourceTree = "<group>"; };
		0B0A6792157C275E00C79FC2 /* SimpleVocabTests.octest */ = {isa = PBXFileReference; explicitFileType = wrapper.cfbundle; includeInIndex = 0; path = SimpleVocabTests.octest; sourceTree = BUILT_PRODUCTS_DIR; };
		0B0A6793157C275E00C79FC2 /* SenTestingKit.framework */ = {isa = PBXFileReference; lastKnownFileType = wrapper.framework; name = SenTestingKit.framework; path = Library/Frameworks/SenTestingKit.framework; sourceTree = DEVELOPER_DIR; };
		0B0A679B157C275E00C79FC2 /* SimpleVocabTests-Info.plist */ = {isa = PBXFileReference; lastKnownFileType = text.plist.xml; path = "SimpleVocabTests-Info.plist"; sourceTree = "<group>"; };
		0B0A679D157C275E00C79FC2 /* en */ = {isa = PBXFileReference; lastKnownFileType = text.plist.strings; name = en; path = en.lproj/InfoPlist.strings; sourceTree = "<group>"; };
		0B0A679F157C275E00C79FC2 /* SimpleVocabTests.h */ = {isa = PBXFileReference; lastKnownFileType = sourcecode.c.h; path = SimpleVocabTests.h; sourceTree = "<group>"; };
		0B0A67A0157C275E00C79FC2 /* SimpleVocabTests.m */ = {isa = PBXFileReference; lastKnownFileType = sourcecode.c.objc; path = SimpleVocabTests.m; sourceTree = "<group>"; };
		0B0BF2301803AB7F007DB7DF /* FlashCardViewController.h */ = {isa = PBXFileReference; fileEncoding = 4; lastKnownFileType = sourcecode.c.h; path = FlashCardViewController.h; sourceTree = "<group>"; };
		0B0BF2311803AB7F007DB7DF /* FlashCardViewController.m */ = {isa = PBXFileReference; fileEncoding = 4; lastKnownFileType = sourcecode.c.objc; path = FlashCardViewController.m; sourceTree = "<group>"; };
		0B0CFBEF158E8927000C029C /* ListContentsViewController.h */ = {isa = PBXFileReference; fileEncoding = 4; lastKnownFileType = sourcecode.c.h; path = ListContentsViewController.h; sourceTree = "<group>"; };
		0B0CFBF0158E8927000C029C /* ListContentsViewController.m */ = {isa = PBXFileReference; fileEncoding = 4; lastKnownFileType = sourcecode.c.objc; path = ListContentsViewController.m; sourceTree = "<group>"; };
		0B129D6515D0D1C900DEE694 /* FMDatabase.h */ = {isa = PBXFileReference; fileEncoding = 4; lastKnownFileType = sourcecode.c.h; name = FMDatabase.h; path = External/FMDB/src/FMDatabase.h; sourceTree = SOURCE_ROOT; };
		0B129D6615D0D1C900DEE694 /* FMDatabase.m */ = {isa = PBXFileReference; fileEncoding = 4; lastKnownFileType = sourcecode.c.objc; name = FMDatabase.m; path = External/FMDB/src/FMDatabase.m; sourceTree = SOURCE_ROOT; };
		0B129D6715D0D1C900DEE694 /* FMDatabaseAdditions.h */ = {isa = PBXFileReference; fileEncoding = 4; lastKnownFileType = sourcecode.c.h; name = FMDatabaseAdditions.h; path = External/FMDB/src/FMDatabaseAdditions.h; sourceTree = SOURCE_ROOT; };
		0B129D6815D0D1C900DEE694 /* FMDatabaseAdditions.m */ = {isa = PBXFileReference; fileEncoding = 4; lastKnownFileType = sourcecode.c.objc; name = FMDatabaseAdditions.m; path = External/FMDB/src/FMDatabaseAdditions.m; sourceTree = SOURCE_ROOT; };
		0B129D6915D0D1C900DEE694 /* FMResultSet.h */ = {isa = PBXFileReference; fileEncoding = 4; lastKnownFileType = sourcecode.c.h; name = FMResultSet.h; path = External/FMDB/src/FMResultSet.h; sourceTree = SOURCE_ROOT; };
		0B129D6A15D0D1C900DEE694 /* FMResultSet.m */ = {isa = PBXFileReference; fileEncoding = 4; lastKnownFileType = sourcecode.c.objc; name = FMResultSet.m; path = External/FMDB/src/FMResultSet.m; sourceTree = SOURCE_ROOT; };
		0B26B1041623CF4000293D69 /* Social.framework */ = {isa = PBXFileReference; lastKnownFileType = wrapper.framework; name = Social.framework; path = System/Library/Frameworks/Social.framework; sourceTree = SDKROOT; };
		0B2FBDAA172F78B400423EB6 /* Crashlytics.framework */ = {isa = PBXFileReference; lastKnownFileType = wrapper.framework; name = Crashlytics.framework; path = External/Crashlytics.framework; sourceTree = "<group>"; };
		0B344A0F15892E68003C7722 /* EditableTableViewCell.h */ = {isa = PBXFileReference; fileEncoding = 4; lastKnownFileType = sourcecode.c.h; path = EditableTableViewCell.h; sourceTree = "<group>"; };
		0B344A1015892E68003C7722 /* EditableTableViewCell.m */ = {isa = PBXFileReference; fileEncoding = 4; lastKnownFileType = sourcecode.c.objc; path = EditableTableViewCell.m; sourceTree = "<group>"; };
		0B49741317E0080500AC5A09 /* Main_iPhone.storyboard */ = {isa = PBXFileReference; fileEncoding = 4; lastKnownFileType = file.storyboard; path = Main_iPhone.storyboard; sourceTree = "<group>"; };
		0B53C78615DB79D5009DA3DF /* contact.png */ = {isa = PBXFileReference; lastKnownFileType = image.png; path = contact.png; sourceTree = "<group>"; };
		0B53C78715DB79D5009DA3DF /* contact@2x.png */ = {isa = PBXFileReference; lastKnownFileType = image.png; path = "contact@2x.png"; sourceTree = "<group>"; };
		0B53C78A15DB7B0F009DA3DF /* ContactViewController.h */ = {isa = PBXFileReference; fileEncoding = 4; lastKnownFileType = sourcecode.c.h; path = ContactViewController.h; sourceTree = "<group>"; };
		0B53C78B15DB7B0F009DA3DF /* ContactViewController.m */ = {isa = PBXFileReference; fileEncoding = 4; lastKnownFileType = sourcecode.c.objc; path = ContactViewController.m; sourceTree = "<group>"; };
		0B53C79515DB8CAD009DA3DF /* MessageUI.framework */ = {isa = PBXFileReference; lastKnownFileType = wrapper.framework; name = MessageUI.framework; path = System/Library/Frameworks/MessageUI.framework; sourceTree = SDKROOT; };
		0B6AAC1C158EF0B30043FD80 /* ListTemplateViewController.h */ = {isa = PBXFileReference; fileEncoding = 4; lastKnownFileType = sourcecode.c.h; path = ListTemplateViewController.h; sourceTree = "<group>"; };
		0B6AAC1D158EF0B30043FD80 /* ListTemplateViewController.m */ = {isa = PBXFileReference; fileEncoding = 4; lastKnownFileType = sourcecode.c.objc; path = ListTemplateViewController.m; sourceTree = "<group>"; };
		0B6AAC21158EF1080043FD80 /* ListModalViewController.h */ = {isa = PBXFileReference; fileEncoding = 4; lastKnownFileType = sourcecode.c.h; path = ListModalViewController.h; sourceTree = "<group>"; };
		0B6AAC22158EF1080043FD80 /* ListModalViewController.m */ = {isa = PBXFileReference; fileEncoding = 4; lastKnownFileType = sourcecode.c.objc; path = ListModalViewController.m; sourceTree = "<group>"; };
		0B6BA76B1762E4CF00216DCE /* SimpleVocab.sqlite */ = {isa = PBXFileReference; lastKnownFileType = file; path = SimpleVocab.sqlite; sourceTree = "<group>"; };
		0B6C9209167FF9FB00689DEF /* WordNetDictionary.h */ = {isa = PBXFileReference; fileEncoding = 4; lastKnownFileType = sourcecode.c.h; name = WordNetDictionary.h; path = External/WordNetDictionary/WordNetDictionary/WordNetDictionary.h; sourceTree = SOURCE_ROOT; };
		0B6C920A167FF9FB00689DEF /* WordNetDictionary.m */ = {isa = PBXFileReference; fileEncoding = 4; lastKnownFileType = sourcecode.c.objc; name = WordNetDictionary.m; path = External/WordNetDictionary/WordNetDictionary/WordNetDictionary.m; sourceTree = SOURCE_ROOT; };
		0B6C920B167FF9FB00689DEF /* WordNetDictionary.sqlite */ = {isa = PBXFileReference; lastKnownFileType = file; name = WordNetDictionary.sqlite; path = External/WordNetDictionary/WordNetDictionary/WordNetDictionary.sqlite; sourceTree = SOURCE_ROOT; };
		0B71392D157D2F360018D022 /* DictionarySearchViewController.h */ = {isa = PBXFileReference; fileEncoding = 4; lastKnownFileType = sourcecode.c.h; path = DictionarySearchViewController.h; sourceTree = "<group>"; };
		0B71392E157D2F360018D022 /* DictionarySearchViewController.m */ = {isa = PBXFileReference; fileEncoding = 4; lastKnownFileType = sourcecode.c.objc; path = DictionarySearchViewController.m; sourceTree = "<group>"; };
		0B713937157D304D0018D022 /* CoreText.framework */ = {isa = PBXFileReference; lastKnownFileType = wrapper.framework; name = CoreText.framework; path = System/Library/Frameworks/CoreText.framework; sourceTree = SDKROOT; };
		0B713939157D305A0018D022 /* SystemConfiguration.framework */ = {isa = PBXFileReference; lastKnownFileType = wrapper.framework; name = SystemConfiguration.framework; path = System/Library/Frameworks/SystemConfiguration.framework; sourceTree = SDKROOT; };
		0B713941157D32700018D022 /* SimpleVocabConstants.h */ = {isa = PBXFileReference; lastKnownFileType = sourcecode.c.h; path = SimpleVocabConstants.h; sourceTree = "<group>"; };
		0B713949157D37F70018D022 /* book.png */ = {isa = PBXFileReference; lastKnownFileType = image.png; path = book.png; sourceTree = "<group>"; };
		0B71394A157D37F70018D022 /* book@2x.png */ = {isa = PBXFileReference; lastKnownFileType = image.png; path = "book@2x.png"; sourceTree = "<group>"; };
		0B71394B157D37F70018D022 /* flashcards.png */ = {isa = PBXFileReference; lastKnownFileType = image.png; path = flashcards.png; sourceTree = "<group>"; };
		0B71394C157D37F70018D022 /* flashcards@2x.png */ = {isa = PBXFileReference; lastKnownFileType = image.png; path = "flashcards@2x.png"; sourceTree = "<group>"; };
		0B71394D157D37F70018D022 /* gear.png */ = {isa = PBXFileReference; lastKnownFileType = image.png; path = gear.png; sourceTree = "<group>"; };
		0B71394E157D37F70018D022 /* gear@2x.png */ = {isa = PBXFileReference; lastKnownFileType = image.png; path = "gear@2x.png"; sourceTree = "<group>"; };
		0B71394F157D37F70018D022 /* info.png */ = {isa = PBXFileReference; lastKnownFileType = image.png; path = info.png; sourceTree = "<group>"; };
		0B713950157D37F70018D022 /* info@2x.png */ = {isa = PBXFileReference; lastKnownFileType = image.png; path = "info@2x.png"; sourceTree = "<group>"; };
		0B713951157D37F70018D022 /* notepad.png */ = {isa = PBXFileReference; lastKnownFileType = image.png; path = notepad.png; sourceTree = "<group>"; };
		0B713952157D37F70018D022 /* notepad@2x.png */ = {isa = PBXFileReference; lastKnownFileType = image.png; path = "notepad@2x.png"; sourceTree = "<group>"; };
		0B71395E157D400A0018D022 /* WordDefinitionViewController.h */ = {isa = PBXFileReference; fileEncoding = 4; lastKnownFileType = sourcecode.c.h; path = WordDefinitionViewController.h; sourceTree = "<group>"; };
		0B71395F157D400A0018D022 /* WordDefinitionViewController.m */ = {isa = PBXFileReference; fileEncoding = 4; lastKnownFileType = sourcecode.c.objc; path = WordDefinitionViewController.m; sourceTree = "<group>"; };
		0B713963157D42930018D022 /* SVProgressHUD.h */ = {isa = PBXFileReference; fileEncoding = 4; lastKnownFileType = sourcecode.c.h; path = SVProgressHUD.h; sourceTree = "<group>"; };
		0B713964157D42930018D022 /* SVProgressHUD.m */ = {isa = PBXFileReference; fileEncoding = 4; lastKnownFileType = sourcecode.c.objc; path = SVProgressHUD.m; sourceTree = "<group>"; };
		0B728E4C176809C7006A0D70 /* envelope.png */ = {isa = PBXFileReference; lastKnownFileType = image.png; path = envelope.png; sourceTree = "<group>"; };
		0B728E4D176809C7006A0D70 /* envelope@2x.png */ = {isa = PBXFileReference; lastKnownFileType = image.png; path = "envelope@2x.png"; sourceTree = "<group>"; };
		0B8FD9FC157E9EC900AE370B /* CoreData.framework */ = {isa = PBXFileReference; lastKnownFileType = wrapper.framework; name = CoreData.framework; path = System/Library/Frameworks/CoreData.framework; sourceTree = SDKROOT; };
		0B8FD9FE157E9EE900AE370B /* libsqlite3.dylib */ = {isa = PBXFileReference; lastKnownFileType = "compiled.mach-o.dylib"; name = libsqlite3.dylib; path = usr/lib/libsqlite3.dylib; sourceTree = SDKROOT; };
		0BABEA9A16335C8700D0B237 /* SimpleVocabData.h */ = {isa = PBXFileReference; fileEncoding = 4; lastKnownFileType = sourcecode.c.h; path = SimpleVocabData.h; sourceTree = "<group>"; };
		0BABEA9B16335C8700D0B237 /* SimpleVocabData.m */ = {isa = PBXFileReference; fileEncoding = 4; lastKnownFileType = sourcecode.c.objc; path = SimpleVocabData.m; sourceTree = "<group>"; };
		0BADF913162BAD4400C5D89E /* SimpleVocab.xcdatamodel */ = {isa = PBXFileReference; lastKnownFileType = wrapper.xcdatamodel; path = SimpleVocab.xcdatamodel; sourceTree = "<group>"; };
		0BB50A9715D1FA3800417EDD /* FlashCardGameViewController.h */ = {isa = PBXFileReference; fileEncoding = 4; lastKnownFileType = sourcecode.c.h; path = FlashCardGameViewController.h; sourceTree = "<group>"; };
		0BB50A9815D1FA3800417EDD /* FlashCardGameViewController.m */ = {isa = PBXFileReference; fileEncoding = 4; lastKnownFileType = sourcecode.c.objc; path = FlashCardGameViewController.m; sourceTree = "<group>"; };
		0BBC0030157EF3E00062B82F /* ListViewController.h */ = {isa = PBXFileReference; fileEncoding = 4; lastKnownFileType = sourcecode.c.h; path = ListViewController.h; sourceTree = "<group>"; };
		0BBC0031157EF3E00062B82F /* ListViewController.m */ = {isa = PBXFileReference; fileEncoding = 4; lastKnownFileType = sourcecode.c.objc; path = ListViewController.m; sourceTree = "<group>"; };
		0BBCFFD3157EC1AB0062B82F /* Word.h */ = {isa = PBXFileReference; fileEncoding = 4; lastKnownFileType = sourcecode.c.h; path = Word.h; sourceTree = "<group>"; };
		0BBCFFD4157EC1AB0062B82F /* Word.m */ = {isa = PBXFileReference; fileEncoding = 4; lastKnownFileType = sourcecode.c.objc; path = Word.m; sourceTree = "<group>"; };
		0BBCFFD7157EC1AB0062B82F /* SearchBarContents.h */ = {isa = PBXFileReference; fileEncoding = 4; lastKnownFileType = sourcecode.c.h; path = SearchBarContents.h; sourceTree = "<group>"; };
		0BBCFFD8157EC1AB0062B82F /* SearchBarContents.m */ = {isa = PBXFileReference; fileEncoding = 4; lastKnownFileType = sourcecode.c.objc; path = SearchBarContents.m; sourceTree = "<group>"; };
		0BBCFFDB157EC1AB0062B82F /* List.h */ = {isa = PBXFileReference; fileEncoding = 4; lastKnownFileType = sourcecode.c.h; path = List.h; sourceTree = "<group>"; };
		0BBCFFDC157EC1AB0062B82F /* List.m */ = {isa = PBXFileReference; fileEncoding = 4; lastKnownFileType = sourcecode.c.objc; path = List.m; sourceTree = "<group>"; };
		0BBCFFDF157EC1AB0062B82F /* AllLists.h */ = {isa = PBXFileReference; fileEncoding = 4; lastKnownFileType = sourcecode.c.h; path = AllLists.h; sourceTree = "<group>"; };
		0BBCFFE0157EC1AB0062B82F /* AllLists.m */ = {isa = PBXFileReference; fileEncoding = 4; lastKnownFileType = sourcecode.c.objc; path = AllLists.m; sourceTree = "<group>"; };
		0BBD3E3215D286DB00B58B67 /* QuartzCore.framework */ = {isa = PBXFileReference; lastKnownFileType = wrapper.framework; name = QuartzCore.framework; path = System/Library/Frameworks/QuartzCore.framework; sourceTree = SDKROOT; };
		0BC722E815D250A700F3AF49 /* FlashCardSelectViewController.h */ = {isa = PBXFileReference; fileEncoding = 4; lastKnownFileType = sourcecode.c.h; path = FlashCardSelectViewController.h; sourceTree = "<group>"; };
		0BC722E915D250A800F3AF49 /* FlashCardSelectViewController.m */ = {isa = PBXFileReference; fileEncoding = 4; lastKnownFileType = sourcecode.c.objc; path = FlashCardSelectViewController.m; sourceTree = "<group>"; };
		0BEC698717603BBE00EBD5E8 /* Icon-iPad.png */ = {isa = PBXFileReference; lastKnownFileType = image.png; name = "Icon-iPad.png"; path = "Images/Icons/Icon-iPad.png"; sourceTree = "<group>"; };
		0BEC698817603BBE00EBD5E8 /* Icon-iPad@2x.png */ = {isa = PBXFileReference; lastKnownFileType = image.png; name = "Icon-iPad@2x.png"; path = "Images/Icons/Icon-iPad@2x.png"; sourceTree = "<group>"; };
		0BEC698917603BBE00EBD5E8 /* Icon.png */ = {isa = PBXFileReference; lastKnownFileType = image.png; name = Icon.png; path = Images/Icons/Icon.png; sourceTree = "<group>"; };
		0BEC698A17603BBE00EBD5E8 /* Icon@2x.png */ = {isa = PBXFileReference; lastKnownFileType = image.png; name = "Icon@2x.png"; path = "Images/Icons/Icon@2x.png"; sourceTree = "<group>"; };
		0BEC698B17603BBE00EBD5E8 /* iTunesArtwork */ = {isa = PBXFileReference; lastKnownFileType = file; name = iTunesArtwork; path = Images/Icons/iTunesArtwork; sourceTree = "<group>"; };
		0BEC698C17603BBE00EBD5E8 /* iTunesArtwork@2x */ = {isa = PBXFileReference; lastKnownFileType = file; name = "iTunesArtwork@2x"; path = "Images/Icons/iTunesArtwork@2x"; sourceTree = "<group>"; };
		0BEC699317603C3500EBD5E8 /* SVProgressHUD.bundle */ = {isa = PBXFileReference; lastKnownFileType = "wrapper.plug-in"; name = SVProgressHUD.bundle; path = Images/SVProgressHUD.bundle; sourceTree = "<group>"; };
/* End PBXFileReference section */

/* Begin PBXFrameworksBuildPhase section */
		0B0A6760157C275D00C79FC2 /* Frameworks */ = {
			isa = PBXFrameworksBuildPhase;
			buildActionMask = 2147483647;
			files = (
				0BEC6985176038C100EBD5E8 /* libsqlite3.dylib in Frameworks */,
				0B8FD9FD157E9EC900AE370B /* CoreData.framework in Frameworks */,
				0B0A676C157C275D00C79FC2 /* CoreGraphics.framework in Frameworks */,
				0B713938157D304D0018D022 /* CoreText.framework in Frameworks */,
				0B0A676A157C275D00C79FC2 /* Foundation.framework in Frameworks */,
				0B53C79615DB8CAD009DA3DF /* MessageUI.framework in Frameworks */,
				0BBD3E3315D286DB00B58B67 /* QuartzCore.framework in Frameworks */,
				0B26B1051623CF4000293D69 /* Social.framework in Frameworks */,
				0B71393A157D305A0018D022 /* SystemConfiguration.framework in Frameworks */,
				0B0A6768157C275D00C79FC2 /* UIKit.framework in Frameworks */,
				0B2FBDAB172F78B400423EB6 /* Crashlytics.framework in Frameworks */,
			);
			runOnlyForDeploymentPostprocessing = 0;
		};
		0B0A678E157C275E00C79FC2 /* Frameworks */ = {
			isa = PBXFrameworksBuildPhase;
			buildActionMask = 2147483647;
			files = (
				0B0A6794157C275E00C79FC2 /* SenTestingKit.framework in Frameworks */,
				0B0A6795157C275E00C79FC2 /* UIKit.framework in Frameworks */,
				0B0A6796157C275E00C79FC2 /* Foundation.framework in Frameworks */,
			);
			runOnlyForDeploymentPostprocessing = 0;
		};
/* End PBXFrameworksBuildPhase section */

/* Begin PBXGroup section */
		0B0A6758157C275D00C79FC2 = {
			isa = PBXGroup;
			children = (
				0B0A676D157C275D00C79FC2 /* SimpleVocab */,
				0B0A6799157C275E00C79FC2 /* SimpleVocabTests */,
				0B0A6766157C275D00C79FC2 /* Frameworks */,
				0B0A6764157C275D00C79FC2 /* Products */,
			);
			sourceTree = "<group>";
		};
		0B0A6764157C275D00C79FC2 /* Products */ = {
			isa = PBXGroup;
			children = (
				0B0A6763157C275D00C79FC2 /* SimpleVocab.app */,
				0B0A6792157C275E00C79FC2 /* SimpleVocabTests.octest */,
			);
			name = Products;
			sourceTree = "<group>";
		};
		0B0A6766157C275D00C79FC2 /* Frameworks */ = {
			isa = PBXGroup;
			children = (
				0B8FD9FC157E9EC900AE370B /* CoreData.framework */,
				0B0A676B157C275D00C79FC2 /* CoreGraphics.framework */,
				0B713937157D304D0018D022 /* CoreText.framework */,
				0B2FBDAA172F78B400423EB6 /* Crashlytics.framework */,
				0B0A6769157C275D00C79FC2 /* Foundation.framework */,
				0B8FD9FE157E9EE900AE370B /* libsqlite3.dylib */,
				0B53C79515DB8CAD009DA3DF /* MessageUI.framework */,
				0BBD3E3215D286DB00B58B67 /* QuartzCore.framework */,
				0B0A6793157C275E00C79FC2 /* SenTestingKit.framework */,
				0B26B1041623CF4000293D69 /* Social.framework */,
				0B713939157D305A0018D022 /* SystemConfiguration.framework */,
				0B0A6767157C275D00C79FC2 /* UIKit.framework */,
			);
			name = Frameworks;
			sourceTree = "<group>";
		};
		0B0A676D157C275D00C79FC2 /* SimpleVocab */ = {
			isa = PBXGroup;
			children = (
				0B0A6776157C275D00C79FC2 /* SimpleVocabAppDelegate.h */,
				0B0A6777157C275D00C79FC2 /* SimpleVocabAppDelegate.m */,
				0B713941157D32700018D022 /* SimpleVocabConstants.h */,
				0B0A6779157C275D00C79FC2 /* MainStoryboard_iPhone.storyboard */,
				0B49741317E0080500AC5A09 /* Main_iPhone.storyboard */,
				0B0A677C157C275E00C79FC2 /* Main_iPad.storyboard */,
				0B71392D157D2F360018D022 /* DictionarySearchViewController.h */,
				0B71392E157D2F360018D022 /* DictionarySearchViewController.m */,
				0B344A0F15892E68003C7722 /* EditableTableViewCell.h */,
				0B344A1015892E68003C7722 /* EditableTableViewCell.m */,
				0B6AAC1C158EF0B30043FD80 /* ListTemplateViewController.h */,
				0B6AAC1D158EF0B30043FD80 /* ListTemplateViewController.m */,
				0BBC0030157EF3E00062B82F /* ListViewController.h */,
				0BBC0031157EF3E00062B82F /* ListViewController.m */,
				0B6AAC21158EF1080043FD80 /* ListModalViewController.h */,
				0B6AAC22158EF1080043FD80 /* ListModalViewController.m */,
				0B0CFBEF158E8927000C029C /* ListContentsViewController.h */,
				0B0CFBF0158E8927000C029C /* ListContentsViewController.m */,
				0B71395E157D400A0018D022 /* WordDefinitionViewController.h */,
				0B71395F157D400A0018D022 /* WordDefinitionViewController.m */,
				0BB50A9715D1FA3800417EDD /* FlashCardGameViewController.h */,
				0BB50A9815D1FA3800417EDD /* FlashCardGameViewController.m */,
				0B0BF2301803AB7F007DB7DF /* FlashCardViewController.h */,
				0B0BF2311803AB7F007DB7DF /* FlashCardViewController.m */,
				0BC722E815D250A700F3AF49 /* FlashCardSelectViewController.h */,
				0BC722E915D250A800F3AF49 /* FlashCardSelectViewController.m */,
				0B53C78A15DB7B0F009DA3DF /* ContactViewController.h */,
				0B53C78B15DB7B0F009DA3DF /* ContactViewController.m */,
				0B129D6415D0D1B400DEE694 /* FMDB */,
				0B713961157D42930018D022 /* SVProgressHUD */,
				0B0BAD5416734CD1005FA2B0 /* Word Net Dictionary */,
				0BBCFFCA157EBC590062B82F /* Word History Core Data */,
				0B0A676E157C275D00C79FC2 /* Supporting Files */,
			);
			name = SimpleVocab;
			path = StudyDictionary;
			sourceTree = "<group>";
		};
		0B0A676E157C275D00C79FC2 /* Supporting Files */ = {
			isa = PBXGroup;
			children = (
				0B713946157D37D20018D022 /* Images */,
				0B0A676F157C275D00C79FC2 /* SimpleVocab-Info.plist */,
				0B0A6770157C275D00C79FC2 /* InfoPlist.strings */,
				0B0A6773157C275D00C79FC2 /* main.m */,
				0B0A6775157C275D00C79FC2 /* SimpleVocab-Prefix.pch */,
			);
			name = "Supporting Files";
			sourceTree = "<group>";
		};
		0B0A6799157C275E00C79FC2 /* SimpleVocabTests */ = {
			isa = PBXGroup;
			children = (
				0B0A679F157C275E00C79FC2 /* SimpleVocabTests.h */,
				0B0A67A0157C275E00C79FC2 /* SimpleVocabTests.m */,
				0B0A679A157C275E00C79FC2 /* Supporting Files */,
			);
			name = SimpleVocabTests;
			path = StudyDictionaryTests;
			sourceTree = "<group>";
		};
		0B0A679A157C275E00C79FC2 /* Supporting Files */ = {
			isa = PBXGroup;
			children = (
				0B0A679B157C275E00C79FC2 /* SimpleVocabTests-Info.plist */,
				0B0A679C157C275E00C79FC2 /* InfoPlist.strings */,
			);
			name = "Supporting Files";
			sourceTree = "<group>";
		};
		0B0BAD5416734CD1005FA2B0 /* Word Net Dictionary */ = {
			isa = PBXGroup;
			children = (
				0B6C9209167FF9FB00689DEF /* WordNetDictionary.h */,
				0B6C920A167FF9FB00689DEF /* WordNetDictionary.m */,
				0B6C920B167FF9FB00689DEF /* WordNetDictionary.sqlite */,
			);
			name = "Word Net Dictionary";
			path = ../External/SVProgressHUD/SVProgressHUD;
			sourceTree = "<group>";
		};
		0B129D6415D0D1B400DEE694 /* FMDB */ = {
			isa = PBXGroup;
			children = (
				0B129D6515D0D1C900DEE694 /* FMDatabase.h */,
				0B129D6615D0D1C900DEE694 /* FMDatabase.m */,
				0B129D6715D0D1C900DEE694 /* FMDatabaseAdditions.h */,
				0B129D6815D0D1C900DEE694 /* FMDatabaseAdditions.m */,
				0B129D6915D0D1C900DEE694 /* FMResultSet.h */,
				0B129D6A15D0D1C900DEE694 /* FMResultSet.m */,
			);
			name = FMDB;
			sourceTree = "<group>";
		};
		0B713946157D37D20018D022 /* Images */ = {
			isa = PBXGroup;
			children = (
				0BEC698617603BA200EBD5E8 /* Icon */,
				0BC722E715D2461000F3AF49 /* NavigationBar */,
				0BA4869615D1BDE0003E554D /* Misc */,
				0B713967157D429A0018D022 /* SVProgressHUD */,
				0B713947157D37F70018D022 /* TabBar */,
			);
			name = Images;
			sourceTree = "<group>";
		};
		0B713947157D37F70018D022 /* TabBar */ = {
			isa = PBXGroup;
			children = (
				0B53C78615DB79D5009DA3DF /* contact.png */,
				0B53C78715DB79D5009DA3DF /* contact@2x.png */,
				0B713949157D37F70018D022 /* book.png */,
				0B71394A157D37F70018D022 /* book@2x.png */,
				0B728E4C176809C7006A0D70 /* envelope.png */,
				0B728E4D176809C7006A0D70 /* envelope@2x.png */,
				0B71394B157D37F70018D022 /* flashcards.png */,
				0B71394C157D37F70018D022 /* flashcards@2x.png */,
				0B71394D157D37F70018D022 /* gear.png */,
				0B71394E157D37F70018D022 /* gear@2x.png */,
				0B71394F157D37F70018D022 /* info.png */,
				0B713950157D37F70018D022 /* info@2x.png */,
				0B713951157D37F70018D022 /* notepad.png */,
				0B713952157D37F70018D022 /* notepad@2x.png */,
			);
			name = TabBar;
			path = Images/TabBar;
			sourceTree = "<group>";
		};
		0B713961157D42930018D022 /* SVProgressHUD */ = {
			isa = PBXGroup;
			children = (
				0B713963157D42930018D022 /* SVProgressHUD.h */,
				0B713964157D42930018D022 /* SVProgressHUD.m */,
			);
			name = SVProgressHUD;
			path = External/SVProgressHUD/SVProgressHUD;
			sourceTree = SOURCE_ROOT;
		};
		0B713967157D429A0018D022 /* SVProgressHUD */ = {
			isa = PBXGroup;
			children = (
				0BEC699317603C3500EBD5E8 /* SVProgressHUD.bundle */,
			);
			name = SVProgressHUD;
			sourceTree = "<group>";
		};
		0BA4869615D1BDE0003E554D /* Misc */ = {
			isa = PBXGroup;
			children = (
				0B03DD0C1613F99900B7519F /* Default-568h@2x.png */,
			);
			name = Misc;
			sourceTree = "<group>";
		};
		0BBCFFCA157EBC590062B82F /* Word History Core Data */ = {
			isa = PBXGroup;
			children = (
				0BBCFFDF157EC1AB0062B82F /* AllLists.h */,
				0BABEA9A16335C8700D0B237 /* SimpleVocabData.h */,
				0BABEA9B16335C8700D0B237 /* SimpleVocabData.m */,
				0BBCFFE0157EC1AB0062B82F /* AllLists.m */,
				0BBCFFDB157EC1AB0062B82F /* List.h */,
				0BBCFFDC157EC1AB0062B82F /* List.m */,
				0BBCFFD7157EC1AB0062B82F /* SearchBarContents.h */,
				0BBCFFD8157EC1AB0062B82F /* SearchBarContents.m */,
				0B6BA76B1762E4CF00216DCE /* SimpleVocab.sqlite */,
				0BADF912162BAD4400C5D89E /* SimpleVocab.xcdatamodeld */,
				0BBCFFD3157EC1AB0062B82F /* Word.h */,
				0BBCFFD4157EC1AB0062B82F /* Word.m */,
			);
			name = "Word History Core Data";
			sourceTree = "<group>";
		};
		0BC722E715D2461000F3AF49 /* NavigationBar */ = {
			isa = PBXGroup;
			children = (
			);
			name = NavigationBar;
			sourceTree = "<group>";
		};
		0BEC698617603BA200EBD5E8 /* Icon */ = {
			isa = PBXGroup;
			children = (
				0BEC698717603BBE00EBD5E8 /* Icon-iPad.png */,
				0BEC698817603BBE00EBD5E8 /* Icon-iPad@2x.png */,
				0BEC698917603BBE00EBD5E8 /* Icon.png */,
				0BEC698A17603BBE00EBD5E8 /* Icon@2x.png */,
				0BEC698B17603BBE00EBD5E8 /* iTunesArtwork */,
				0BEC698C17603BBE00EBD5E8 /* iTunesArtwork@2x */,
			);
			name = Icon;
			sourceTree = "<group>";
		};
/* End PBXGroup section */

/* Begin PBXNativeTarget section */
		0B0A6762157C275D00C79FC2 /* SimpleVocab */ = {
			isa = PBXNativeTarget;
			buildConfigurationList = 0B0A67A4157C275E00C79FC2 /* Build configuration list for PBXNativeTarget "SimpleVocab" */;
			buildPhases = (
				0B0A675F157C275D00C79FC2 /* Sources */,
				0B0A6760157C275D00C79FC2 /* Frameworks */,
				0B0A6761157C275D00C79FC2 /* Resources */,
				0B17619D172A12A4007C73FD /* ShellScript */,
			);
			buildRules = (
			);
			dependencies = (
			);
			name = SimpleVocab;
			productName = StudyDictionary;
			productReference = 0B0A6763157C275D00C79FC2 /* SimpleVocab.app */;
			productType = "com.apple.product-type.application";
		};
		0B0A6791157C275E00C79FC2 /* SimpleVocabTests */ = {
			isa = PBXNativeTarget;
			buildConfigurationList = 0B0A67A7157C275E00C79FC2 /* Build configuration list for PBXNativeTarget "SimpleVocabTests" */;
			buildPhases = (
				0B0A678D157C275E00C79FC2 /* Sources */,
				0B0A678E157C275E00C79FC2 /* Frameworks */,
				0B0A678F157C275E00C79FC2 /* Resources */,
				0B0A6790157C275E00C79FC2 /* ShellScript */,
			);
			buildRules = (
			);
			dependencies = (
				0B0A6798157C275E00C79FC2 /* PBXTargetDependency */,
			);
			name = SimpleVocabTests;
			productName = StudyDictionaryTests;
			productReference = 0B0A6792157C275E00C79FC2 /* SimpleVocabTests.octest */;
			productType = "com.apple.product-type.bundle";
		};
/* End PBXNativeTarget section */

/* Begin PBXProject section */
		0B0A675A157C275D00C79FC2 /* Project object */ = {
			isa = PBXProject;
			attributes = {
				LastUpgradeCheck = 0500;
				ORGANIZATIONNAME = "Weinert Works";
				TargetAttributes = {
					0B0A6762157C275D00C79FC2 = {
						DevelopmentTeam = HWB2STPFVT;
					};
				};
			};
			buildConfigurationList = 0B0A675D157C275D00C79FC2 /* Build configuration list for PBXProject "SimpleVocab" */;
			compatibilityVersion = "Xcode 3.2";
			developmentRegion = English;
			hasScannedForEncodings = 0;
			knownRegions = (
				en,
			);
			mainGroup = 0B0A6758157C275D00C79FC2;
			productRefGroup = 0B0A6764157C275D00C79FC2 /* Products */;
			projectDirPath = "";
			projectRoot = "";
			targets = (
				0B0A6762157C275D00C79FC2 /* SimpleVocab */,
				0B0A6791157C275E00C79FC2 /* SimpleVocabTests */,
			);
		};
/* End PBXProject section */

/* Begin PBXResourcesBuildPhase section */
		0B0A6761157C275D00C79FC2 /* Resources */ = {
			isa = PBXResourcesBuildPhase;
			buildActionMask = 2147483647;
			files = (
				0BEC699517603D9300EBD5E8 /* iTunesArtwork in Resources */,
				0BEC699617603D9300EBD5E8 /* iTunesArtwork@2x in Resources */,
				0B0A6772157C275D00C79FC2 /* InfoPlist.strings in Resources */,
				0B0A677B157C275D00C79FC2 /* MainStoryboard_iPhone.storyboard in Resources */,
				0B0A677E157C275E00C79FC2 /* Main_iPad.storyboard in Resources */,
				0B713954157D37F70018D022 /* book.png in Resources */,
				0B713955157D37F70018D022 /* book@2x.png in Resources */,
				0B713956157D37F70018D022 /* flashcards.png in Resources */,
				0B713957157D37F70018D022 /* flashcards@2x.png in Resources */,
				0B713958157D37F70018D022 /* gear.png in Resources */,
				0B49741417E0080500AC5A09 /* Main_iPhone.storyboard in Resources */,
				0B713959157D37F70018D022 /* gear@2x.png in Resources */,
				0B71395A157D37F70018D022 /* info.png in Resources */,
				0B71395B157D37F70018D022 /* info@2x.png in Resources */,
				0B71395C157D37F70018D022 /* notepad.png in Resources */,
				0B71395D157D37F70018D022 /* notepad@2x.png in Resources */,
				0B53C78815DB79D5009DA3DF /* contact.png in Resources */,
				0B53C78915DB79D5009DA3DF /* contact@2x.png in Resources */,
				0B03DD0D1613F99900B7519F /* Default-568h@2x.png in Resources */,
				0B6C920D167FF9FB00689DEF /* WordNetDictionary.sqlite in Resources */,
				0BEC698D17603BBE00EBD5E8 /* Icon-iPad.png in Resources */,
				0BEC698E17603BBE00EBD5E8 /* Icon-iPad@2x.png in Resources */,
				0BEC698F17603BBE00EBD5E8 /* Icon.png in Resources */,
				0BEC699017603BBE00EBD5E8 /* Icon@2x.png in Resources */,
				0BEC699417603C3500EBD5E8 /* SVProgressHUD.bundle in Resources */,
				0B6BA76C1762E4CF00216DCE /* SimpleVocab.sqlite in Resources */,
				0B728E4E176809C7006A0D70 /* envelope.png in Resources */,
				0B728E4F176809C7006A0D70 /* envelope@2x.png in Resources */,
			);
			runOnlyForDeploymentPostprocessing = 0;
		};
		0B0A678F157C275E00C79FC2 /* Resources */ = {
			isa = PBXResourcesBuildPhase;
			buildActionMask = 2147483647;
			files = (
				0B0A679E157C275E00C79FC2 /* InfoPlist.strings in Resources */,
			);
			runOnlyForDeploymentPostprocessing = 0;
		};
/* End PBXResourcesBuildPhase section */

/* Begin PBXShellScriptBuildPhase section */
		0B0A6790157C275E00C79FC2 /* ShellScript */ = {
			isa = PBXShellScriptBuildPhase;
			buildActionMask = 2147483647;
			files = (
			);
			inputPaths = (
			);
			outputPaths = (
			);
			runOnlyForDeploymentPostprocessing = 0;
			shellPath = /bin/sh;
			shellScript = "# Run the unit tests in this test bundle.\n\"${SYSTEM_DEVELOPER_DIR}/Tools/RunUnitTests\"\n";
		};
		0B17619D172A12A4007C73FD /* ShellScript */ = {
			isa = PBXShellScriptBuildPhase;
			buildActionMask = 2147483647;
			files = (
			);
			inputPaths = (
			);
			outputPaths = (
			);
			runOnlyForDeploymentPostprocessing = 0;
			shellPath = /bin/sh;
			shellScript = "./External/Crashlytics.framework/run 11bee23f6e449407d34a542118f1d544183478cf";
		};
/* End PBXShellScriptBuildPhase section */

/* Begin PBXSourcesBuildPhase section */
		0B0A675F157C275D00C79FC2 /* Sources */ = {
			isa = PBXSourcesBuildPhase;
			buildActionMask = 2147483647;
			files = (
				0B0A6774157C275D00C79FC2 /* main.m in Sources */,
				0B0A6778157C275D00C79FC2 /* SimpleVocabAppDelegate.m in Sources */,
				0B71392F157D2F360018D022 /* DictionarySearchViewController.m in Sources */,
				0B0BF2321803AB7F007DB7DF /* FlashCardViewController.m in Sources */,
				0B713960157D400A0018D022 /* WordDefinitionViewController.m in Sources */,
				0B713966157D42930018D022 /* SVProgressHUD.m in Sources */,
				0BBCFFD5157EC1AB0062B82F /* Word.m in Sources */,
				0BBCFFD9157EC1AB0062B82F /* SearchBarContents.m in Sources */,
				0BBCFFDD157EC1AB0062B82F /* List.m in Sources */,
				0BBCFFE1157EC1AB0062B82F /* AllLists.m in Sources */,
				0BBC0032157EF3E10062B82F /* ListViewController.m in Sources */,
				0B344A1115892E68003C7722 /* EditableTableViewCell.m in Sources */,
				0B0CFBF1158E8927000C029C /* ListContentsViewController.m in Sources */,
				0B6AAC1E158EF0B30043FD80 /* ListTemplateViewController.m in Sources */,
				0B6AAC23158EF1080043FD80 /* ListModalViewController.m in Sources */,
				0B129D6B15D0D1C900DEE694 /* FMDatabase.m in Sources */,
				0B129D6C15D0D1C900DEE694 /* FMDatabaseAdditions.m in Sources */,
				0B129D6D15D0D1C900DEE694 /* FMResultSet.m in Sources */,
				0BB50A9915D1FA3800417EDD /* FlashCardGameViewController.m in Sources */,
				0BC722EA15D250A800F3AF49 /* FlashCardSelectViewController.m in Sources */,
				0B53C78C15DB7B0F009DA3DF /* ContactViewController.m in Sources */,
				0BADF914162BAD4400C5D89E /* SimpleVocab.xcdatamodeld in Sources */,
				0BABEA9C16335C8700D0B237 /* SimpleVocabData.m in Sources */,
				0B6C920C167FF9FB00689DEF /* WordNetDictionary.m in Sources */,
			);
			runOnlyForDeploymentPostprocessing = 0;
		};
		0B0A678D157C275E00C79FC2 /* Sources */ = {
			isa = PBXSourcesBuildPhase;
			buildActionMask = 2147483647;
			files = (
				0B0A67A1157C275E00C79FC2 /* SimpleVocabTests.m in Sources */,
			);
			runOnlyForDeploymentPostprocessing = 0;
		};
/* End PBXSourcesBuildPhase section */

/* Begin PBXTargetDependency section */
		0B0A6798157C275E00C79FC2 /* PBXTargetDependency */ = {
			isa = PBXTargetDependency;
			target = 0B0A6762157C275D00C79FC2 /* SimpleVocab */;
			targetProxy = 0B0A6797157C275E00C79FC2 /* PBXContainerItemProxy */;
		};
/* End PBXTargetDependency section */

/* Begin PBXVariantGroup section */
		0B0A6770157C275D00C79FC2 /* InfoPlist.strings */ = {
			isa = PBXVariantGroup;
			children = (
				0B0A6771157C275D00C79FC2 /* en */,
			);
			name = InfoPlist.strings;
			sourceTree = "<group>";
		};
		0B0A6779157C275D00C79FC2 /* MainStoryboard_iPhone.storyboard */ = {
			isa = PBXVariantGroup;
			children = (
				0B0A677A157C275D00C79FC2 /* en */,
			);
			name = MainStoryboard_iPhone.storyboard;
			sourceTree = "<group>";
		};
		0B0A677C157C275E00C79FC2 /* Main_iPad.storyboard */ = {
			isa = PBXVariantGroup;
			children = (
				0B0A677D157C275E00C79FC2 /* en */,
			);
			name = Main_iPad.storyboard;
			sourceTree = "<group>";
		};
		0B0A679C157C275E00C79FC2 /* InfoPlist.strings */ = {
			isa = PBXVariantGroup;
			children = (
				0B0A679D157C275E00C79FC2 /* en */,
			);
			name = InfoPlist.strings;
			sourceTree = "<group>";
		};
/* End PBXVariantGroup section */

/* Begin XCBuildConfiguration section */
		0B0A67A2157C275E00C79FC2 /* Debug */ = {
			isa = XCBuildConfiguration;
			buildSettings = {
				ALWAYS_SEARCH_USER_PATHS = NO;
				CLANG_ENABLE_OBJC_ARC = YES;
				CLANG_WARN_BOOL_CONVERSION = YES;
				CLANG_WARN_CONSTANT_CONVERSION = YES;
				CLANG_WARN_EMPTY_BODY = YES;
				CLANG_WARN_ENUM_CONVERSION = YES;
				CLANG_WARN_INT_CONVERSION = YES;
				CLANG_WARN__DUPLICATE_METHOD_MATCH = YES;
				CODE_SIGN_IDENTITY = "iPhone Developer: James Weinert (VU4X4H4J4C)";
				"CODE_SIGN_IDENTITY[sdk=iphoneos*]" = "iPhone Developer";
				COPY_PHASE_STRIP = NO;
				GCC_C_LANGUAGE_STANDARD = gnu99;
				GCC_DYNAMIC_NO_PIC = NO;
				GCC_OPTIMIZATION_LEVEL = 0;
				GCC_PREPROCESSOR_DEFINITIONS = (
					"DEBUG=1",
					"$(inherited)",
				);
				GCC_SYMBOLS_PRIVATE_EXTERN = NO;
				GCC_TREAT_WARNINGS_AS_ERRORS = YES;
				GCC_VERSION = com.apple.compilers.llvm.clang.1_0;
				GCC_WARN_ABOUT_RETURN_TYPE = YES;
				GCC_WARN_UNDECLARED_SELECTOR = YES;
				GCC_WARN_UNINITIALIZED_AUTOS = YES;
				GCC_WARN_UNUSED_FUNCTION = YES;
				GCC_WARN_UNUSED_VARIABLE = YES;
				IPHONEOS_DEPLOYMENT_TARGET = 6.0;
				ONLY_ACTIVE_ARCH = YES;
				PROVISIONING_PROFILE = "B39ABA7B-DCC0-4117-B59B-662CF4948C7E";
				SDKROOT = iphoneos;
				TARGETED_DEVICE_FAMILY = "1,2";
			};
			name = Debug;
		};
		0B0A67A3157C275E00C79FC2 /* Release */ = {
			isa = XCBuildConfiguration;
			buildSettings = {
				ALWAYS_SEARCH_USER_PATHS = NO;
				CLANG_ENABLE_OBJC_ARC = YES;
				CLANG_WARN_BOOL_CONVERSION = YES;
				CLANG_WARN_CONSTANT_CONVERSION = YES;
				CLANG_WARN_EMPTY_BODY = YES;
				CLANG_WARN_ENUM_CONVERSION = YES;
				CLANG_WARN_INT_CONVERSION = YES;
				CLANG_WARN__DUPLICATE_METHOD_MATCH = YES;
				CODE_SIGN_IDENTITY = "iPhone Developer: James Weinert (VU4X4H4J4C)";
				"CODE_SIGN_IDENTITY[sdk=iphoneos*]" = "iPhone Developer";
				COPY_PHASE_STRIP = YES;
				GCC_C_LANGUAGE_STANDARD = gnu99;
				GCC_TREAT_WARNINGS_AS_ERRORS = YES;
				GCC_VERSION = com.apple.compilers.llvm.clang.1_0;
				GCC_WARN_ABOUT_RETURN_TYPE = YES;
				GCC_WARN_UNDECLARED_SELECTOR = YES;
				GCC_WARN_UNINITIALIZED_AUTOS = YES;
				GCC_WARN_UNUSED_FUNCTION = YES;
				GCC_WARN_UNUSED_VARIABLE = YES;
				IPHONEOS_DEPLOYMENT_TARGET = 6.0;
				OTHER_CFLAGS = "-DNS_BLOCK_ASSERTIONS=1";
				PROVISIONING_PROFILE = "B39ABA7B-DCC0-4117-B59B-662CF4948C7E";
				SDKROOT = iphoneos;
				TARGETED_DEVICE_FAMILY = "1,2";
				VALIDATE_PRODUCT = YES;
			};
			name = Release;
		};
		0B0A67A5157C275E00C79FC2 /* Debug */ = {
			isa = XCBuildConfiguration;
			buildSettings = {
				CODE_SIGN_IDENTITY = "iPhone Developer";
				"CODE_SIGN_IDENTITY[sdk=iphoneos*]" = "iPhone Developer";
				FRAMEWORK_SEARCH_PATHS = (
					"$(inherited)",
					"\"$(SRCROOT)\"",
					"\"$(SRCROOT)/External\"",
				);
				GCC_PRECOMPILE_PREFIX_HEADER = YES;
				GCC_PREFIX_HEADER = "StudyDictionary/SimpleVocab-Prefix.pch";
				GCC_TREAT_WARNINGS_AS_ERRORS = YES;
				INFOPLIST_FILE = "StudyDictionary/SimpleVocab-Info.plist";
				IPHONEOS_DEPLOYMENT_TARGET = 6.0;
				OTHER_LDFLAGS = "-ObjC";
				PRODUCT_NAME = SimpleVocab;
				PROVISIONING_PROFILE = "";
				TARGETED_DEVICE_FAMILY = 1;
				WRAPPER_EXTENSION = app;
			};
			name = Debug;
		};
		0B0A67A6157C275E00C79FC2 /* Release */ = {
			isa = XCBuildConfiguration;
			buildSettings = {
				CODE_SIGN_IDENTITY = "iPhone Developer";
				"CODE_SIGN_IDENTITY[sdk=iphoneos*]" = "iPhone Developer";
				FRAMEWORK_SEARCH_PATHS = (
					"$(inherited)",
					"\"$(SRCROOT)\"",
					"\"$(SRCROOT)/External\"",
				);
				GCC_PRECOMPILE_PREFIX_HEADER = YES;
				GCC_PREFIX_HEADER = "StudyDictionary/SimpleVocab-Prefix.pch";
				GCC_TREAT_WARNINGS_AS_ERRORS = YES;
				INFOPLIST_FILE = "StudyDictionary/SimpleVocab-Info.plist";
				IPHONEOS_DEPLOYMENT_TARGET = 6.0;
				OTHER_LDFLAGS = "-ObjC";
				PRODUCT_NAME = SimpleVocab;
				PROVISIONING_PROFILE = "";
				TARGETED_DEVICE_FAMILY = 1;
				WRAPPER_EXTENSION = app;
			};
			name = Release;
		};
		0B0A67A8157C275E00C79FC2 /* Debug */ = {
			isa = XCBuildConfiguration;
			buildSettings = {
				BUNDLE_LOADER = "$(BUILT_PRODUCTS_DIR)/SimpleVocab.app/SimpleVocab";
				FRAMEWORK_SEARCH_PATHS = (
					"$(SDKROOT)/Developer/Library/Frameworks",
					"$(DEVELOPER_LIBRARY_DIR)/Frameworks",
				);
				GCC_PRECOMPILE_PREFIX_HEADER = YES;
				GCC_PREFIX_HEADER = "StudyDictionary/SimpleVocab-Prefix.pch";
				INFOPLIST_FILE = "StudyDictionaryTests/SimpleVocabTests-Info.plist";
				PRODUCT_NAME = SimpleVocabTests;
				TEST_HOST = "$(BUNDLE_LOADER)";
				WRAPPER_EXTENSION = octest;
			};
			name = Debug;
		};
		0B0A67A9157C275E00C79FC2 /* Release */ = {
			isa = XCBuildConfiguration;
			buildSettings = {
				BUNDLE_LOADER = "$(BUILT_PRODUCTS_DIR)/SimpleVocab.app/SimpleVocab";
				FRAMEWORK_SEARCH_PATHS = (
					"$(SDKROOT)/Developer/Library/Frameworks",
					"$(DEVELOPER_LIBRARY_DIR)/Frameworks",
				);
				GCC_PRECOMPILE_PREFIX_HEADER = YES;
				GCC_PREFIX_HEADER = "StudyDictionary/SimpleVocab-Prefix.pch";
				INFOPLIST_FILE = "StudyDictionaryTests/SimpleVocabTests-Info.plist";
				PRODUCT_NAME = SimpleVocabTests;
				TEST_HOST = "$(BUNDLE_LOADER)";
				WRAPPER_EXTENSION = octest;
			};
			name = Release;
		};
/* End XCBuildConfiguration section */

/* Begin XCConfigurationList section */
		0B0A675D157C275D00C79FC2 /* Build configuration list for PBXProject "SimpleVocab" */ = {
			isa = XCConfigurationList;
			buildConfigurations = (
				0B0A67A2157C275E00C79FC2 /* Debug */,
				0B0A67A3157C275E00C79FC2 /* Release */,
			);
			defaultConfigurationIsVisible = 0;
			defaultConfigurationName = Release;
		};
		0B0A67A4157C275E00C79FC2 /* Build configuration list for PBXNativeTarget "SimpleVocab" */ = {
			isa = XCConfigurationList;
			buildConfigurations = (
				0B0A67A5157C275E00C79FC2 /* Debug */,
				0B0A67A6157C275E00C79FC2 /* Release */,
			);
			defaultConfigurationIsVisible = 0;
			defaultConfigurationName = Release;
		};
		0B0A67A7157C275E00C79FC2 /* Build configuration list for PBXNativeTarget "SimpleVocabTests" */ = {
			isa = XCConfigurationList;
			buildConfigurations = (
				0B0A67A8157C275E00C79FC2 /* Debug */,
				0B0A67A9157C275E00C79FC2 /* Release */,
			);
			defaultConfigurationIsVisible = 0;
			defaultConfigurationName = Release;
		};
/* End XCConfigurationList section */

/* Begin XCVersionGroup section */
		0BADF912162BAD4400C5D89E /* SimpleVocab.xcdatamodeld */ = {
			isa = XCVersionGroup;
			children = (
				0BADF913162BAD4400C5D89E /* SimpleVocab.xcdatamodel */,
			);
			currentVersion = 0BADF913162BAD4400C5D89E /* SimpleVocab.xcdatamodel */;
			path = SimpleVocab.xcdatamodeld;
			sourceTree = "<group>";
			versionGroupType = wrapper.xcdatamodel;
		};
/* End XCVersionGroup section */
	};
	rootObject = 0B0A675A157C275D00C79FC2 /* Project object */;
}
