// !$*UTF8*$!
{
	archiveVersion = 1;
	classes = {
	};
	objectVersion = 46;
	objects = {

/* Begin PBXBuildFile section */
		0B0A6768157C275D00C79FC2 /* UIKit.framework in Frameworks */ = {isa = PBXBuildFile; fileRef = 0B0A6767157C275D00C79FC2 /* UIKit.framework */; };
		0B0A676A157C275D00C79FC2 /* Foundation.framework in Frameworks */ = {isa = PBXBuildFile; fileRef = 0B0A6769157C275D00C79FC2 /* Foundation.framework */; };
		0B0A676C157C275D00C79FC2 /* CoreGraphics.framework in Frameworks */ = {isa = PBXBuildFile; fileRef = 0B0A676B157C275D00C79FC2 /* CoreGraphics.framework */; };
		0B0A6772157C275D00C79FC2 /* InfoPlist.strings in Resources */ = {isa = PBXBuildFile; fileRef = 0B0A6770157C275D00C79FC2 /* InfoPlist.strings */; };
		0B0A6774157C275D00C79FC2 /* main.m in Sources */ = {isa = PBXBuildFile; fileRef = 0B0A6773157C275D00C79FC2 /* main.m */; };
		0B0A6778157C275D00C79FC2 /* StudyDictionaryAppDelegate.m in Sources */ = {isa = PBXBuildFile; fileRef = 0B0A6777157C275D00C79FC2 /* StudyDictionaryAppDelegate.m */; };
		0B0A677B157C275D00C79FC2 /* MainStoryboard_iPhone.storyboard in Resources */ = {isa = PBXBuildFile; fileRef = 0B0A6779157C275D00C79FC2 /* MainStoryboard_iPhone.storyboard */; };
		0B0A677E157C275E00C79FC2 /* MainStoryboard_iPad.storyboard in Resources */ = {isa = PBXBuildFile; fileRef = 0B0A677C157C275E00C79FC2 /* MainStoryboard_iPad.storyboard */; };
		0B0A6794157C275E00C79FC2 /* SenTestingKit.framework in Frameworks */ = {isa = PBXBuildFile; fileRef = 0B0A6793157C275E00C79FC2 /* SenTestingKit.framework */; };
		0B0A6795157C275E00C79FC2 /* UIKit.framework in Frameworks */ = {isa = PBXBuildFile; fileRef = 0B0A6767157C275D00C79FC2 /* UIKit.framework */; };
		0B0A6796157C275E00C79FC2 /* Foundation.framework in Frameworks */ = {isa = PBXBuildFile; fileRef = 0B0A6769157C275D00C79FC2 /* Foundation.framework */; };
		0B0A679E157C275E00C79FC2 /* InfoPlist.strings in Resources */ = {isa = PBXBuildFile; fileRef = 0B0A679C157C275E00C79FC2 /* InfoPlist.strings */; };
		0B0A67A1157C275E00C79FC2 /* StudyDictionaryTests.m in Sources */ = {isa = PBXBuildFile; fileRef = 0B0A67A0157C275E00C79FC2 /* StudyDictionaryTests.m */; };
		0B0CFBF1158E8927000C029C /* ListContentsViewController.m in Sources */ = {isa = PBXBuildFile; fileRef = 0B0CFBF0158E8927000C029C /* ListContentsViewController.m */; };
		0B0CFBF2158E8927000C029C /* ListContentsViewController.m in Sources */ = {isa = PBXBuildFile; fileRef = 0B0CFBF0158E8927000C029C /* ListContentsViewController.m */; };
		0B344A1115892E68003C7722 /* EditableTableViewCell.m in Sources */ = {isa = PBXBuildFile; fileRef = 0B344A1015892E68003C7722 /* EditableTableViewCell.m */; };
		0B71392F157D2F360018D022 /* DictionarySearchViewController.m in Sources */ = {isa = PBXBuildFile; fileRef = 0B71392E157D2F360018D022 /* DictionarySearchViewController.m */; };
		0B713932157D2F8E0018D022 /* Wordnik.framework in Frameworks */ = {isa = PBXBuildFile; fileRef = 0B713931157D2F8E0018D022 /* Wordnik.framework */; };
		0B713938157D304D0018D022 /* CoreText.framework in Frameworks */ = {isa = PBXBuildFile; fileRef = 0B713937157D304D0018D022 /* CoreText.framework */; };
		0B71393A157D305A0018D022 /* SystemConfiguration.framework in Frameworks */ = {isa = PBXBuildFile; fileRef = 0B713939157D305A0018D022 /* SystemConfiguration.framework */; };
		0B713954157D37F70018D022 /* book.png in Resources */ = {isa = PBXBuildFile; fileRef = 0B713949157D37F70018D022 /* book.png */; };
		0B713955157D37F70018D022 /* book@2x.png in Resources */ = {isa = PBXBuildFile; fileRef = 0B71394A157D37F70018D022 /* book@2x.png */; };
		0B713956157D37F70018D022 /* flashcards.png in Resources */ = {isa = PBXBuildFile; fileRef = 0B71394B157D37F70018D022 /* flashcards.png */; };
		0B713957157D37F70018D022 /* flashcards@2x.png in Resources */ = {isa = PBXBuildFile; fileRef = 0B71394C157D37F70018D022 /* flashcards@2x.png */; };
		0B713958157D37F70018D022 /* gear.png in Resources */ = {isa = PBXBuildFile; fileRef = 0B71394D157D37F70018D022 /* gear.png */; };
		0B713959157D37F70018D022 /* gear@2x.png in Resources */ = {isa = PBXBuildFile; fileRef = 0B71394E157D37F70018D022 /* gear@2x.png */; };
		0B71395A157D37F70018D022 /* info.png in Resources */ = {isa = PBXBuildFile; fileRef = 0B71394F157D37F70018D022 /* info.png */; };
		0B71395B157D37F70018D022 /* info@2x.png in Resources */ = {isa = PBXBuildFile; fileRef = 0B713950157D37F70018D022 /* info@2x.png */; };
		0B71395C157D37F70018D022 /* notepad.png in Resources */ = {isa = PBXBuildFile; fileRef = 0B713951157D37F70018D022 /* notepad.png */; };
		0B71395D157D37F70018D022 /* notepad@2x.png in Resources */ = {isa = PBXBuildFile; fileRef = 0B713952157D37F70018D022 /* notepad@2x.png */; };
		0B713960157D400A0018D022 /* WordDefinitionViewController.m in Sources */ = {isa = PBXBuildFile; fileRef = 0B71395F157D400A0018D022 /* WordDefinitionViewController.m */; };
		0B713965157D42930018D022 /* SVProgressHUD.bundle in Resources */ = {isa = PBXBuildFile; fileRef = 0B713962157D42930018D022 /* SVProgressHUD.bundle */; };
		0B713966157D42930018D022 /* SVProgressHUD.m in Sources */ = {isa = PBXBuildFile; fileRef = 0B713964157D42930018D022 /* SVProgressHUD.m */; };
		0B8113AC15801D8800D79DCA /* StudyDictionaryHelpers.m in Sources */ = {isa = PBXBuildFile; fileRef = 0B8113AB15801D8800D79DCA /* StudyDictionaryHelpers.m */; };
		0B8113AD15801D8800D79DCA /* StudyDictionaryHelpers.m in Sources */ = {isa = PBXBuildFile; fileRef = 0B8113AB15801D8800D79DCA /* StudyDictionaryHelpers.m */; };
		0B8FD9FA157E966300AE370B /* StudyDictionary.xcdatamodeld in Sources */ = {isa = PBXBuildFile; fileRef = 0B8FD9F8157E966300AE370B /* StudyDictionary.xcdatamodeld */; };
		0B8FD9FD157E9EC900AE370B /* CoreData.framework in Frameworks */ = {isa = PBXBuildFile; fileRef = 0B8FD9FC157E9EC900AE370B /* CoreData.framework */; };
		0B8FD9FF157E9EE900AE370B /* libsqlite3.dylib in Frameworks */ = {isa = PBXBuildFile; fileRef = 0B8FD9FE157E9EE900AE370B /* libsqlite3.dylib */; };
		0BBC0032157EF3E10062B82F /* ListViewController.m in Sources */ = {isa = PBXBuildFile; fileRef = 0BBC0031157EF3E00062B82F /* ListViewController.m */; };
		0BBC0033157EF3E10062B82F /* ListViewController.m in Sources */ = {isa = PBXBuildFile; fileRef = 0BBC0031157EF3E00062B82F /* ListViewController.m */; };
		0BBCFFD5157EC1AB0062B82F /* Word.m in Sources */ = {isa = PBXBuildFile; fileRef = 0BBCFFD4157EC1AB0062B82F /* Word.m */; };
		0BBCFFD6157EC1AB0062B82F /* Word.m in Sources */ = {isa = PBXBuildFile; fileRef = 0BBCFFD4157EC1AB0062B82F /* Word.m */; };
		0BBCFFD9157EC1AB0062B82F /* SearchBarContents.m in Sources */ = {isa = PBXBuildFile; fileRef = 0BBCFFD8157EC1AB0062B82F /* SearchBarContents.m */; };
		0BBCFFDA157EC1AB0062B82F /* SearchBarContents.m in Sources */ = {isa = PBXBuildFile; fileRef = 0BBCFFD8157EC1AB0062B82F /* SearchBarContents.m */; };
		0BBCFFDD157EC1AB0062B82F /* List.m in Sources */ = {isa = PBXBuildFile; fileRef = 0BBCFFDC157EC1AB0062B82F /* List.m */; };
		0BBCFFDE157EC1AB0062B82F /* List.m in Sources */ = {isa = PBXBuildFile; fileRef = 0BBCFFDC157EC1AB0062B82F /* List.m */; };
		0BBCFFE1157EC1AB0062B82F /* AllLists.m in Sources */ = {isa = PBXBuildFile; fileRef = 0BBCFFE0157EC1AB0062B82F /* AllLists.m */; };
		0BBCFFE2157EC1AB0062B82F /* AllLists.m in Sources */ = {isa = PBXBuildFile; fileRef = 0BBCFFE0157EC1AB0062B82F /* AllLists.m */; };
/* End PBXBuildFile section */

/* Begin PBXContainerItemProxy section */
		0B0A6797157C275E00C79FC2 /* PBXContainerItemProxy */ = {
			isa = PBXContainerItemProxy;
			containerPortal = 0B0A675A157C275D00C79FC2 /* Project object */;
			proxyType = 1;
			remoteGlobalIDString = 0B0A6762157C275D00C79FC2;
			remoteInfo = StudyDictionary;
		};
/* End PBXContainerItemProxy section */

/* Begin PBXFileReference section */
		0B0A6763157C275D00C79FC2 /* StudyDictionary.app */ = {isa = PBXFileReference; explicitFileType = wrapper.application; includeInIndex = 0; path = StudyDictionary.app; sourceTree = BUILT_PRODUCTS_DIR; };
		0B0A6767157C275D00C79FC2 /* UIKit.framework */ = {isa = PBXFileReference; lastKnownFileType = wrapper.framework; name = UIKit.framework; path = System/Library/Frameworks/UIKit.framework; sourceTree = SDKROOT; };
		0B0A6769157C275D00C79FC2 /* Foundation.framework */ = {isa = PBXFileReference; lastKnownFileType = wrapper.framework; name = Foundation.framework; path = System/Library/Frameworks/Foundation.framework; sourceTree = SDKROOT; };
		0B0A676B157C275D00C79FC2 /* CoreGraphics.framework */ = {isa = PBXFileReference; lastKnownFileType = wrapper.framework; name = CoreGraphics.framework; path = System/Library/Frameworks/CoreGraphics.framework; sourceTree = SDKROOT; };
		0B0A676F157C275D00C79FC2 /* StudyDictionary-Info.plist */ = {isa = PBXFileReference; lastKnownFileType = text.plist.xml; path = "StudyDictionary-Info.plist"; sourceTree = "<group>"; };
		0B0A6771157C275D00C79FC2 /* en */ = {isa = PBXFileReference; lastKnownFileType = text.plist.strings; name = en; path = en.lproj/InfoPlist.strings; sourceTree = "<group>"; };
		0B0A6773157C275D00C79FC2 /* main.m */ = {isa = PBXFileReference; lastKnownFileType = sourcecode.c.objc; path = main.m; sourceTree = "<group>"; };
		0B0A6775157C275D00C79FC2 /* StudyDictionary-Prefix.pch */ = {isa = PBXFileReference; lastKnownFileType = sourcecode.c.h; path = "StudyDictionary-Prefix.pch"; sourceTree = "<group>"; };
		0B0A6776157C275D00C79FC2 /* StudyDictionaryAppDelegate.h */ = {isa = PBXFileReference; lastKnownFileType = sourcecode.c.h; path = StudyDictionaryAppDelegate.h; sourceTree = "<group>"; };
		0B0A6777157C275D00C79FC2 /* StudyDictionaryAppDelegate.m */ = {isa = PBXFileReference; lastKnownFileType = sourcecode.c.objc; path = StudyDictionaryAppDelegate.m; sourceTree = "<group>"; };
		0B0A677A157C275D00C79FC2 /* en */ = {isa = PBXFileReference; lastKnownFileType = file.storyboard; name = en; path = en.lproj/MainStoryboard_iPhone.storyboard; sourceTree = "<group>"; };
		0B0A677D157C275E00C79FC2 /* en */ = {isa = PBXFileReference; lastKnownFileType = file.storyboard; name = en; path = en.lproj/MainStoryboard_iPad.storyboard; sourceTree = "<group>"; };
		0B0A6792157C275E00C79FC2 /* StudyDictionaryTests.octest */ = {isa = PBXFileReference; explicitFileType = wrapper.cfbundle; includeInIndex = 0; path = StudyDictionaryTests.octest; sourceTree = BUILT_PRODUCTS_DIR; };
		0B0A6793157C275E00C79FC2 /* SenTestingKit.framework */ = {isa = PBXFileReference; lastKnownFileType = wrapper.framework; name = SenTestingKit.framework; path = Library/Frameworks/SenTestingKit.framework; sourceTree = DEVELOPER_DIR; };
		0B0A679B157C275E00C79FC2 /* StudyDictionaryTests-Info.plist */ = {isa = PBXFileReference; lastKnownFileType = text.plist.xml; path = "StudyDictionaryTests-Info.plist"; sourceTree = "<group>"; };
		0B0A679D157C275E00C79FC2 /* en */ = {isa = PBXFileReference; lastKnownFileType = text.plist.strings; name = en; path = en.lproj/InfoPlist.strings; sourceTree = "<group>"; };
		0B0A679F157C275E00C79FC2 /* StudyDictionaryTests.h */ = {isa = PBXFileReference; lastKnownFileType = sourcecode.c.h; path = StudyDictionaryTests.h; sourceTree = "<group>"; };
		0B0A67A0157C275E00C79FC2 /* StudyDictionaryTests.m */ = {isa = PBXFileReference; lastKnownFileType = sourcecode.c.objc; path = StudyDictionaryTests.m; sourceTree = "<group>"; };
		0B0CFBEF158E8927000C029C /* ListContentsViewController.h */ = {isa = PBXFileReference; fileEncoding = 4; lastKnownFileType = sourcecode.c.h; path = ListContentsViewController.h; sourceTree = "<group>"; };
		0B0CFBF0158E8927000C029C /* ListContentsViewController.m */ = {isa = PBXFileReference; fileEncoding = 4; lastKnownFileType = sourcecode.c.objc; path = ListContentsViewController.m; sourceTree = "<group>"; };
		0B344A0F15892E68003C7722 /* EditableTableViewCell.h */ = {isa = PBXFileReference; fileEncoding = 4; lastKnownFileType = sourcecode.c.h; path = EditableTableViewCell.h; sourceTree = "<group>"; };
		0B344A1015892E68003C7722 /* EditableTableViewCell.m */ = {isa = PBXFileReference; fileEncoding = 4; lastKnownFileType = sourcecode.c.objc; path = EditableTableViewCell.m; sourceTree = "<group>"; };
		0B71392D157D2F360018D022 /* DictionarySearchViewController.h */ = {isa = PBXFileReference; fileEncoding = 4; lastKnownFileType = sourcecode.c.h; path = DictionarySearchViewController.h; sourceTree = "<group>"; };
		0B71392E157D2F360018D022 /* DictionarySearchViewController.m */ = {isa = PBXFileReference; fileEncoding = 4; lastKnownFileType = sourcecode.c.objc; path = DictionarySearchViewController.m; sourceTree = "<group>"; };
		0B713931157D2F8E0018D022 /* Wordnik.framework */ = {isa = PBXFileReference; lastKnownFileType = wrapper.framework; name = Wordnik.framework; path = "External/wordkit/frameworks/objective-c/Wordnik WordKit 1.02/iOS Framework/Wordnik.framework"; sourceTree = "<group>"; };
		0B713937157D304D0018D022 /* CoreText.framework */ = {isa = PBXFileReference; lastKnownFileType = wrapper.framework; name = CoreText.framework; path = System/Library/Frameworks/CoreText.framework; sourceTree = SDKROOT; };
		0B713939157D305A0018D022 /* SystemConfiguration.framework */ = {isa = PBXFileReference; lastKnownFileType = wrapper.framework; name = SystemConfiguration.framework; path = System/Library/Frameworks/SystemConfiguration.framework; sourceTree = SDKROOT; };
		0B713941157D32700018D022 /* StudyDictionaryConstants.h */ = {isa = PBXFileReference; lastKnownFileType = sourcecode.c.h; path = StudyDictionaryConstants.h; sourceTree = "<group>"; };
		0B713949157D37F70018D022 /* book.png */ = {isa = PBXFileReference; lastKnownFileType = image.png; path = book.png; sourceTree = "<group>"; };
		0B71394A157D37F70018D022 /* book@2x.png */ = {isa = PBXFileReference; lastKnownFileType = image.png; path = "book@2x.png"; sourceTree = "<group>"; };
		0B71394B157D37F70018D022 /* flashcards.png */ = {isa = PBXFileReference; lastKnownFileType = image.png; path = flashcards.png; sourceTree = "<group>"; };
		0B71394C157D37F70018D022 /* flashcards@2x.png */ = {isa = PBXFileReference; lastKnownFileType = image.png; path = "flashcards@2x.png"; sourceTree = "<group>"; };
		0B71394D157D37F70018D022 /* gear.png */ = {isa = PBXFileReference; lastKnownFileType = image.png; path = gear.png; sourceTree = "<group>"; };
		0B71394E157D37F70018D022 /* gear@2x.png */ = {isa = PBXFileReference; lastKnownFileType = image.png; path = "gear@2x.png"; sourceTree = "<group>"; };
		0B71394F157D37F70018D022 /* info.png */ = {isa = PBXFileReference; lastKnownFileType = image.png; path = info.png; sourceTree = "<group>"; };
		0B713950157D37F70018D022 /* info@2x.png */ = {isa = PBXFileReference; lastKnownFileType = image.png; path = "info@2x.png"; sourceTree = "<group>"; };
		0B713951157D37F70018D022 /* notepad.png */ = {isa = PBXFileReference; lastKnownFileType = image.png; path = notepad.png; sourceTree = "<group>"; };
		0B713952157D37F70018D022 /* notepad@2x.png */ = {isa = PBXFileReference; lastKnownFileType = image.png; path = "notepad@2x.png"; sourceTree = "<group>"; };
		0B71395E157D400A0018D022 /* WordDefinitionViewController.h */ = {isa = PBXFileReference; fileEncoding = 4; lastKnownFileType = sourcecode.c.h; path = WordDefinitionViewController.h; sourceTree = "<group>"; };
		0B71395F157D400A0018D022 /* WordDefinitionViewController.m */ = {isa = PBXFileReference; fileEncoding = 4; lastKnownFileType = sourcecode.c.objc; path = WordDefinitionViewController.m; sourceTree = "<group>"; };
		0B713962157D42930018D022 /* SVProgressHUD.bundle */ = {isa = PBXFileReference; lastKnownFileType = "wrapper.plug-in"; name = SVProgressHUD.bundle; path = ../External/SVProgressHUD/SVProgressHUD/SVProgressHUD.bundle; sourceTree = "<group>"; };
		0B713963157D42930018D022 /* SVProgressHUD.h */ = {isa = PBXFileReference; fileEncoding = 4; lastKnownFileType = sourcecode.c.h; path = SVProgressHUD.h; sourceTree = "<group>"; };
		0B713964157D42930018D022 /* SVProgressHUD.m */ = {isa = PBXFileReference; fileEncoding = 4; lastKnownFileType = sourcecode.c.objc; path = SVProgressHUD.m; sourceTree = "<group>"; };
		0B8113AA15801D8800D79DCA /* StudyDictionaryHelpers.h */ = {isa = PBXFileReference; fileEncoding = 4; lastKnownFileType = sourcecode.c.h; path = StudyDictionaryHelpers.h; sourceTree = "<group>"; };
		0B8113AB15801D8800D79DCA /* StudyDictionaryHelpers.m */ = {isa = PBXFileReference; fileEncoding = 4; lastKnownFileType = sourcecode.c.objc; path = StudyDictionaryHelpers.m; sourceTree = "<group>"; };
		0B8FD9F9157E966300AE370B /* StudyDictionary.xcdatamodel */ = {isa = PBXFileReference; lastKnownFileType = wrapper.xcdatamodel; path = StudyDictionary.xcdatamodel; sourceTree = "<group>"; };
		0B8FD9FC157E9EC900AE370B /* CoreData.framework */ = {isa = PBXFileReference; lastKnownFileType = wrapper.framework; name = CoreData.framework; path = System/Library/Frameworks/CoreData.framework; sourceTree = SDKROOT; };
		0B8FD9FE157E9EE900AE370B /* libsqlite3.dylib */ = {isa = PBXFileReference; lastKnownFileType = "compiled.mach-o.dylib"; name = libsqlite3.dylib; path = usr/lib/libsqlite3.dylib; sourceTree = SDKROOT; };
		0BBC0030157EF3E00062B82F /* ListViewController.h */ = {isa = PBXFileReference; fileEncoding = 4; lastKnownFileType = sourcecode.c.h; path = ListViewController.h; sourceTree = "<group>"; };
		0BBC0031157EF3E00062B82F /* ListViewController.m */ = {isa = PBXFileReference; fileEncoding = 4; lastKnownFileType = sourcecode.c.objc; path = ListViewController.m; sourceTree = "<group>"; };
		0BBCFFD3157EC1AB0062B82F /* Word.h */ = {isa = PBXFileReference; fileEncoding = 4; lastKnownFileType = sourcecode.c.h; path = Word.h; sourceTree = "<group>"; };
		0BBCFFD4157EC1AB0062B82F /* Word.m */ = {isa = PBXFileReference; fileEncoding = 4; lastKnownFileType = sourcecode.c.objc; path = Word.m; sourceTree = "<group>"; };
		0BBCFFD7157EC1AB0062B82F /* SearchBarContents.h */ = {isa = PBXFileReference; fileEncoding = 4; lastKnownFileType = sourcecode.c.h; path = SearchBarContents.h; sourceTree = "<group>"; };
		0BBCFFD8157EC1AB0062B82F /* SearchBarContents.m */ = {isa = PBXFileReference; fileEncoding = 4; lastKnownFileType = sourcecode.c.objc; path = SearchBarContents.m; sourceTree = "<group>"; };
		0BBCFFDB157EC1AB0062B82F /* List.h */ = {isa = PBXFileReference; fileEncoding = 4; lastKnownFileType = sourcecode.c.h; path = List.h; sourceTree = "<group>"; };
		0BBCFFDC157EC1AB0062B82F /* List.m */ = {isa = PBXFileReference; fileEncoding = 4; lastKnownFileType = sourcecode.c.objc; path = List.m; sourceTree = "<group>"; };
		0BBCFFDF157EC1AB0062B82F /* AllLists.h */ = {isa = PBXFileReference; fileEncoding = 4; lastKnownFileType = sourcecode.c.h; path = AllLists.h; sourceTree = "<group>"; };
		0BBCFFE0157EC1AB0062B82F /* AllLists.m */ = {isa = PBXFileReference; fileEncoding = 4; lastKnownFileType = sourcecode.c.objc; path = AllLists.m; sourceTree = "<group>"; };
/* End PBXFileReference section */

/* Begin PBXFrameworksBuildPhase section */
		0B0A6760157C275D00C79FC2 /* Frameworks */ = {
			isa = PBXFrameworksBuildPhase;
			buildActionMask = 2147483647;
			files = (
				0B8FD9FF157E9EE900AE370B /* libsqlite3.dylib in Frameworks */,
				0B8FD9FD157E9EC900AE370B /* CoreData.framework in Frameworks */,
				0B71393A157D305A0018D022 /* SystemConfiguration.framework in Frameworks */,
				0B713938157D304D0018D022 /* CoreText.framework in Frameworks */,
				0B713932157D2F8E0018D022 /* Wordnik.framework in Frameworks */,
				0B0A6768157C275D00C79FC2 /* UIKit.framework in Frameworks */,
				0B0A676A157C275D00C79FC2 /* Foundation.framework in Frameworks */,
				0B0A676C157C275D00C79FC2 /* CoreGraphics.framework in Frameworks */,
			);
			runOnlyForDeploymentPostprocessing = 0;
		};
		0B0A678E157C275E00C79FC2 /* Frameworks */ = {
			isa = PBXFrameworksBuildPhase;
			buildActionMask = 2147483647;
			files = (
				0B0A6794157C275E00C79FC2 /* SenTestingKit.framework in Frameworks */,
				0B0A6795157C275E00C79FC2 /* UIKit.framework in Frameworks */,
				0B0A6796157C275E00C79FC2 /* Foundation.framework in Frameworks */,
			);
			runOnlyForDeploymentPostprocessing = 0;
		};
/* End PBXFrameworksBuildPhase section */

/* Begin PBXGroup section */
		0B0A6758157C275D00C79FC2 = {
			isa = PBXGroup;
			children = (
				0B0A676D157C275D00C79FC2 /* StudyDictionary */,
				0B0A6799157C275E00C79FC2 /* StudyDictionaryTests */,
				0B0A6766157C275D00C79FC2 /* Frameworks */,
				0B0A6764157C275D00C79FC2 /* Products */,
			);
			sourceTree = "<group>";
		};
		0B0A6764157C275D00C79FC2 /* Products */ = {
			isa = PBXGroup;
			children = (
				0B0A6763157C275D00C79FC2 /* StudyDictionary.app */,
				0B0A6792157C275E00C79FC2 /* StudyDictionaryTests.octest */,
			);
			name = Products;
			sourceTree = "<group>";
		};
		0B0A6766157C275D00C79FC2 /* Frameworks */ = {
			isa = PBXGroup;
			children = (
				0B8FD9FC157E9EC900AE370B /* CoreData.framework */,
				0B0A676B157C275D00C79FC2 /* CoreGraphics.framework */,
				0B713937157D304D0018D022 /* CoreText.framework */,
				0B0A6769157C275D00C79FC2 /* Foundation.framework */,
				0B8FD9FE157E9EE900AE370B /* libsqlite3.dylib */,
				0B0A6793157C275E00C79FC2 /* SenTestingKit.framework */,
				0B713939157D305A0018D022 /* SystemConfiguration.framework */,
				0B0A6767157C275D00C79FC2 /* UIKit.framework */,
				0B713931157D2F8E0018D022 /* Wordnik.framework */,
			);
			name = Frameworks;
			sourceTree = "<group>";
		};
		0B0A676D157C275D00C79FC2 /* StudyDictionary */ = {
			isa = PBXGroup;
			children = (
				0B713961157D42930018D022 /* SVProgressHUD */,
				0B0A6776157C275D00C79FC2 /* StudyDictionaryAppDelegate.h */,
				0B0A6777157C275D00C79FC2 /* StudyDictionaryAppDelegate.m */,
				0B713941157D32700018D022 /* StudyDictionaryConstants.h */,
				0B8113AA15801D8800D79DCA /* StudyDictionaryHelpers.h */,
				0B8113AB15801D8800D79DCA /* StudyDictionaryHelpers.m */,
				0B0A6779157C275D00C79FC2 /* MainStoryboard_iPhone.storyboard */,
				0B0A677C157C275E00C79FC2 /* MainStoryboard_iPad.storyboard */,
				0B71392D157D2F360018D022 /* DictionarySearchViewController.h */,
				0B71392E157D2F360018D022 /* DictionarySearchViewController.m */,
				0BBC0030157EF3E00062B82F /* ListViewController.h */,
				0BBC0031157EF3E00062B82F /* ListViewController.m */,
				0B0CFBEF158E8927000C029C /* ListContentsViewController.h */,
				0B0CFBF0158E8927000C029C /* ListContentsViewController.m */,
				0B71395E157D400A0018D022 /* WordDefinitionViewController.h */,
				0B71395F157D400A0018D022 /* WordDefinitionViewController.m */,
				0B344A0F15892E68003C7722 /* EditableTableViewCell.h */,
				0B344A1015892E68003C7722 /* EditableTableViewCell.m */,
				0BBCFFCA157EBC590062B82F /* Core Data */,
				0B0A676E157C275D00C79FC2 /* Supporting Files */,
			);
			path = StudyDictionary;
			sourceTree = "<group>";
		};
		0B0A676E157C275D00C79FC2 /* Supporting Files */ = {
			isa = PBXGroup;
			children = (
				0B713946157D37D20018D022 /* Images */,
				0B0A676F157C275D00C79FC2 /* StudyDictionary-Info.plist */,
				0B0A6770157C275D00C79FC2 /* InfoPlist.strings */,
				0B0A6773157C275D00C79FC2 /* main.m */,
				0B0A6775157C275D00C79FC2 /* StudyDictionary-Prefix.pch */,
			);
			name = "Supporting Files";
			sourceTree = "<group>";
		};
		0B0A6799157C275E00C79FC2 /* StudyDictionaryTests */ = {
			isa = PBXGroup;
			children = (
				0B0A679F157C275E00C79FC2 /* StudyDictionaryTests.h */,
				0B0A67A0157C275E00C79FC2 /* StudyDictionaryTests.m */,
				0B0A679A157C275E00C79FC2 /* Supporting Files */,
			);
			path = StudyDictionaryTests;
			sourceTree = "<group>";
		};
		0B0A679A157C275E00C79FC2 /* Supporting Files */ = {
			isa = PBXGroup;
			children = (
				0B0A679B157C275E00C79FC2 /* StudyDictionaryTests-Info.plist */,
				0B0A679C157C275E00C79FC2 /* InfoPlist.strings */,
			);
			name = "Supporting Files";
			sourceTree = "<group>";
		};
		0B713946157D37D20018D022 /* Images */ = {
			isa = PBXGroup;
			children = (
				0B713967157D429A0018D022 /* SVProgressHUD */,
				0B713947157D37F70018D022 /* TabBar */,
			);
			name = Images;
			sourceTree = "<group>";
		};
		0B713947157D37F70018D022 /* TabBar */ = {
			isa = PBXGroup;
			children = (
				0B713949157D37F70018D022 /* book.png */,
				0B71394A157D37F70018D022 /* book@2x.png */,
				0B71394B157D37F70018D022 /* flashcards.png */,
				0B71394C157D37F70018D022 /* flashcards@2x.png */,
				0B71394D157D37F70018D022 /* gear.png */,
				0B71394E157D37F70018D022 /* gear@2x.png */,
				0B71394F157D37F70018D022 /* info.png */,
				0B713950157D37F70018D022 /* info@2x.png */,
				0B713951157D37F70018D022 /* notepad.png */,
				0B713952157D37F70018D022 /* notepad@2x.png */,
			);
			name = TabBar;
			path = Images/TabBar;
			sourceTree = "<group>";
		};
		0B713961157D42930018D022 /* SVProgressHUD */ = {
			isa = PBXGroup;
			children = (
				0B713963157D42930018D022 /* SVProgressHUD.h */,
				0B713964157D42930018D022 /* SVProgressHUD.m */,
			);
			name = SVProgressHUD;
			path = External/SVProgressHUD/SVProgressHUD;
			sourceTree = SOURCE_ROOT;
		};
		0B713967157D429A0018D022 /* SVProgressHUD */ = {
			isa = PBXGroup;
			children = (
				0B713962157D42930018D022 /* SVProgressHUD.bundle */,
			);
			name = SVProgressHUD;
			sourceTree = "<group>";
		};
		0BBCFFCA157EBC590062B82F /* Core Data */ = {
			isa = PBXGroup;
			children = (
				0B8FD9F8157E966300AE370B /* StudyDictionary.xcdatamodeld */,
				0BBCFFDF157EC1AB0062B82F /* AllLists.h */,
				0BBCFFE0157EC1AB0062B82F /* AllLists.m */,
				0BBCFFDB157EC1AB0062B82F /* List.h */,
				0BBCFFDC157EC1AB0062B82F /* List.m */,
				0BBCFFD7157EC1AB0062B82F /* SearchBarContents.h */,
				0BBCFFD8157EC1AB0062B82F /* SearchBarContents.m */,
				0BBCFFD3157EC1AB0062B82F /* Word.h */,
				0BBCFFD4157EC1AB0062B82F /* Word.m */,
			);
			name = "Core Data";
			sourceTree = "<group>";
		};
/* End PBXGroup section */

/* Begin PBXNativeTarget section */
		0B0A6762157C275D00C79FC2 /* StudyDictionary */ = {
			isa = PBXNativeTarget;
			buildConfigurationList = 0B0A67A4157C275E00C79FC2 /* Build configuration list for PBXNativeTarget "StudyDictionary" */;
			buildPhases = (
				0B0A675F157C275D00C79FC2 /* Sources */,
				0B0A6760157C275D00C79FC2 /* Frameworks */,
				0B0A6761157C275D00C79FC2 /* Resources */,
			);
			buildRules = (
			);
			dependencies = (
			);
			name = StudyDictionary;
			productName = StudyDictionary;
			productReference = 0B0A6763157C275D00C79FC2 /* StudyDictionary.app */;
			productType = "com.apple.product-type.application";
		};
		0B0A6791157C275E00C79FC2 /* StudyDictionaryTests */ = {
			isa = PBXNativeTarget;
			buildConfigurationList = 0B0A67A7157C275E00C79FC2 /* Build configuration list for PBXNativeTarget "StudyDictionaryTests" */;
			buildPhases = (
				0B0A678D157C275E00C79FC2 /* Sources */,
				0B0A678E157C275E00C79FC2 /* Frameworks */,
				0B0A678F157C275E00C79FC2 /* Resources */,
				0B0A6790157C275E00C79FC2 /* ShellScript */,
			);
			buildRules = (
			);
			dependencies = (
				0B0A6798157C275E00C79FC2 /* PBXTargetDependency */,
			);
			name = StudyDictionaryTests;
			productName = StudyDictionaryTests;
			productReference = 0B0A6792157C275E00C79FC2 /* StudyDictionaryTests.octest */;
			productType = "com.apple.product-type.bundle";
		};
/* End PBXNativeTarget section */

/* Begin PBXProject section */
		0B0A675A157C275D00C79FC2 /* Project object */ = {
			isa = PBXProject;
			attributes = {
				LastUpgradeCheck = 0430;
				ORGANIZATIONNAME = "Weinert Works";
			};
			buildConfigurationList = 0B0A675D157C275D00C79FC2 /* Build configuration list for PBXProject "StudyDictionary" */;
			compatibilityVersion = "Xcode 3.2";
			developmentRegion = English;
			hasScannedForEncodings = 0;
			knownRegions = (
				en,
			);
			mainGroup = 0B0A6758157C275D00C79FC2;
			productRefGroup = 0B0A6764157C275D00C79FC2 /* Products */;
			projectDirPath = "";
			projectRoot = "";
			targets = (
				0B0A6762157C275D00C79FC2 /* StudyDictionary */,
				0B0A6791157C275E00C79FC2 /* StudyDictionaryTests */,
			);
		};
/* End PBXProject section */

/* Begin PBXResourcesBuildPhase section */
		0B0A6761157C275D00C79FC2 /* Resources */ = {
			isa = PBXResourcesBuildPhase;
			buildActionMask = 2147483647;
			files = (
				0B0A6772157C275D00C79FC2 /* InfoPlist.strings in Resources */,
				0B0A677B157C275D00C79FC2 /* MainStoryboard_iPhone.storyboard in Resources */,
				0B0A677E157C275E00C79FC2 /* MainStoryboard_iPad.storyboard in Resources */,
				0B713954157D37F70018D022 /* book.png in Resources */,
				0B713955157D37F70018D022 /* book@2x.png in Resources */,
				0B713956157D37F70018D022 /* flashcards.png in Resources */,
				0B713957157D37F70018D022 /* flashcards@2x.png in Resources */,
				0B713958157D37F70018D022 /* gear.png in Resources */,
				0B713959157D37F70018D022 /* gear@2x.png in Resources */,
				0B71395A157D37F70018D022 /* info.png in Resources */,
				0B71395B157D37F70018D022 /* info@2x.png in Resources */,
				0B71395C157D37F70018D022 /* notepad.png in Resources */,
				0B71395D157D37F70018D022 /* notepad@2x.png in Resources */,
				0B713965157D42930018D022 /* SVProgressHUD.bundle in Resources */,
			);
			runOnlyForDeploymentPostprocessing = 0;
		};
		0B0A678F157C275E00C79FC2 /* Resources */ = {
			isa = PBXResourcesBuildPhase;
			buildActionMask = 2147483647;
			files = (
				0B0A679E157C275E00C79FC2 /* InfoPlist.strings in Resources */,
			);
			runOnlyForDeploymentPostprocessing = 0;
		};
/* End PBXResourcesBuildPhase section */

/* Begin PBXShellScriptBuildPhase section */
		0B0A6790157C275E00C79FC2 /* ShellScript */ = {
			isa = PBXShellScriptBuildPhase;
			buildActionMask = 2147483647;
			files = (
			);
			inputPaths = (
			);
			outputPaths = (
			);
			runOnlyForDeploymentPostprocessing = 0;
			shellPath = /bin/sh;
			shellScript = "# Run the unit tests in this test bundle.\n\"${SYSTEM_DEVELOPER_DIR}/Tools/RunUnitTests\"\n";
		};
/* End PBXShellScriptBuildPhase section */

/* Begin PBXSourcesBuildPhase section */
		0B0A675F157C275D00C79FC2 /* Sources */ = {
			isa = PBXSourcesBuildPhase;
			buildActionMask = 2147483647;
			files = (
				0B0A6774157C275D00C79FC2 /* main.m in Sources */,
				0B0A6778157C275D00C79FC2 /* StudyDictionaryAppDelegate.m in Sources */,
				0B71392F157D2F360018D022 /* DictionarySearchViewController.m in Sources */,
				0B713960157D400A0018D022 /* WordDefinitionViewController.m in Sources */,
				0B713966157D42930018D022 /* SVProgressHUD.m in Sources */,
				0B8FD9FA157E966300AE370B /* StudyDictionary.xcdatamodeld in Sources */,
				0BBCFFD5157EC1AB0062B82F /* Word.m in Sources */,
				0BBCFFD9157EC1AB0062B82F /* SearchBarContents.m in Sources */,
				0BBCFFDD157EC1AB0062B82F /* List.m in Sources */,
				0BBCFFE1157EC1AB0062B82F /* AllLists.m in Sources */,
				0BBC0032157EF3E10062B82F /* ListViewController.m in Sources */,
				0B8113AC15801D8800D79DCA /* StudyDictionaryHelpers.m in Sources */,
				0B344A1115892E68003C7722 /* EditableTableViewCell.m in Sources */,
				0B0CFBF1158E8927000C029C /* ListContentsViewController.m in Sources */,
			);
			runOnlyForDeploymentPostprocessing = 0;
		};
		0B0A678D157C275E00C79FC2 /* Sources */ = {
			isa = PBXSourcesBuildPhase;
			buildActionMask = 2147483647;
			files = (
				0B0A67A1157C275E00C79FC2 /* StudyDictionaryTests.m in Sources */,
				0BBCFFD6157EC1AB0062B82F /* Word.m in Sources */,
				0BBCFFDA157EC1AB0062B82F /* SearchBarContents.m in Sources */,
				0BBCFFDE157EC1AB0062B82F /* List.m in Sources */,
				0BBCFFE2157EC1AB0062B82F /* AllLists.m in Sources */,
				0BBC0033157EF3E10062B82F /* ListViewController.m in Sources */,
				0B8113AD15801D8800D79DCA /* StudyDictionaryHelpers.m in Sources */,
				0B0CFBF2158E8927000C029C /* ListContentsViewController.m in Sources */,
			);
			runOnlyForDeploymentPostprocessing = 0;
		};
/* End PBXSourcesBuildPhase section */

/* Begin PBXTargetDependency section */
		0B0A6798157C275E00C79FC2 /* PBXTargetDependency */ = {
			isa = PBXTargetDependency;
			target = 0B0A6762157C275D00C79FC2 /* StudyDictionary */;
			targetProxy = 0B0A6797157C275E00C79FC2 /* PBXContainerItemProxy */;
		};
/* End PBXTargetDependency section */

/* Begin PBXVariantGroup section */
		0B0A6770157C275D00C79FC2 /* InfoPlist.strings */ = {
			isa = PBXVariantGroup;
			children = (
				0B0A6771157C275D00C79FC2 /* en */,
			);
			name = InfoPlist.strings;
			sourceTree = "<group>";
		};
		0B0A6779157C275D00C79FC2 /* MainStoryboard_iPhone.storyboard */ = {
			isa = PBXVariantGroup;
			children = (
				0B0A677A157C275D00C79FC2 /* en */,
			);
			name = MainStoryboard_iPhone.storyboard;
			sourceTree = "<group>";
		};
		0B0A677C157C275E00C79FC2 /* MainStoryboard_iPad.storyboard */ = {
			isa = PBXVariantGroup;
			children = (
				0B0A677D157C275E00C79FC2 /* en */,
			);
			name = MainStoryboard_iPad.storyboard;
			sourceTree = "<group>";
		};
		0B0A679C157C275E00C79FC2 /* InfoPlist.strings */ = {
			isa = PBXVariantGroup;
			children = (
				0B0A679D157C275E00C79FC2 /* en */,
			);
			name = InfoPlist.strings;
			sourceTree = "<group>";
		};
/* End PBXVariantGroup section */

/* Begin XCBuildConfiguration section */
		0B0A67A2157C275E00C79FC2 /* Debug */ = {
			isa = XCBuildConfiguration;
			buildSettings = {
				ALWAYS_SEARCH_USER_PATHS = NO;
				ARCHS = "$(ARCHS_STANDARD_32_BIT)";
				CLANG_ENABLE_OBJC_ARC = YES;
				"CODE_SIGN_IDENTITY[sdk=iphoneos*]" = "iPhone Developer";
				COPY_PHASE_STRIP = NO;
				GCC_C_LANGUAGE_STANDARD = gnu99;
				GCC_DYNAMIC_NO_PIC = NO;
				GCC_OPTIMIZATION_LEVEL = 0;
				GCC_PREPROCESSOR_DEFINITIONS = (
					"DEBUG=1",
					"$(inherited)",
				);
				GCC_SYMBOLS_PRIVATE_EXTERN = NO;
				GCC_VERSION = com.apple.compilers.llvm.clang.1_0;
				GCC_WARN_ABOUT_RETURN_TYPE = YES;
				GCC_WARN_UNINITIALIZED_AUTOS = YES;
				GCC_WARN_UNUSED_VARIABLE = YES;
				IPHONEOS_DEPLOYMENT_TARGET = 5.1;
				SDKROOT = iphoneos;
				TARGETED_DEVICE_FAMILY = "1,2";
			};
			name = Debug;
		};
		0B0A67A3157C275E00C79FC2 /* Release */ = {
			isa = XCBuildConfiguration;
			buildSettings = {
				ALWAYS_SEARCH_USER_PATHS = NO;
				ARCHS = "$(ARCHS_STANDARD_32_BIT)";
				CLANG_ENABLE_OBJC_ARC = YES;
				"CODE_SIGN_IDENTITY[sdk=iphoneos*]" = "iPhone Developer";
				COPY_PHASE_STRIP = YES;
				GCC_C_LANGUAGE_STANDARD = gnu99;
				GCC_VERSION = com.apple.compilers.llvm.clang.1_0;
				GCC_WARN_ABOUT_RETURN_TYPE = YES;
				GCC_WARN_UNINITIALIZED_AUTOS = YES;
				GCC_WARN_UNUSED_VARIABLE = YES;
				IPHONEOS_DEPLOYMENT_TARGET = 5.1;
				OTHER_CFLAGS = "-DNS_BLOCK_ASSERTIONS=1";
				SDKROOT = iphoneos;
				TARGETED_DEVICE_FAMILY = "1,2";
				VALIDATE_PRODUCT = YES;
			};
			name = Release;
		};
		0B0A67A5157C275E00C79FC2 /* Debug */ = {
			isa = XCBuildConfiguration;
			buildSettings = {
				FRAMEWORK_SEARCH_PATHS = (
					"$(inherited)",
					"\"$(SRCROOT)/External/wordkit/frameworks/objective-c/Wordnik WordKit 1.02/iOS Framework\"",
				);
				GCC_PRECOMPILE_PREFIX_HEADER = YES;
				GCC_PREFIX_HEADER = "StudyDictionary/StudyDictionary-Prefix.pch";
				INFOPLIST_FILE = "StudyDictionary/StudyDictionary-Info.plist";
				IPHONEOS_DEPLOYMENT_TARGET = 5.1;
				OTHER_LDFLAGS = "-ObjC";
				PRODUCT_NAME = "$(TARGET_NAME)";
				TARGETED_DEVICE_FAMILY = 1;
				WRAPPER_EXTENSION = app;
			};
			name = Debug;
		};
		0B0A67A6157C275E00C79FC2 /* Release */ = {
			isa = XCBuildConfiguration;
			buildSettings = {
				FRAMEWORK_SEARCH_PATHS = (
					"$(inherited)",
					"\"$(SRCROOT)/External/wordkit/frameworks/objective-c/Wordnik WordKit 1.02/iOS Framework\"",
				);
				GCC_PRECOMPILE_PREFIX_HEADER = YES;
				GCC_PREFIX_HEADER = "StudyDictionary/StudyDictionary-Prefix.pch";
				INFOPLIST_FILE = "StudyDictionary/StudyDictionary-Info.plist";
				IPHONEOS_DEPLOYMENT_TARGET = 5.1;
				OTHER_LDFLAGS = "-ObjC";
				PRODUCT_NAME = "$(TARGET_NAME)";
				TARGETED_DEVICE_FAMILY = 1;
				WRAPPER_EXTENSION = app;
			};
			name = Release;
		};
		0B0A67A8157C275E00C79FC2 /* Debug */ = {
			isa = XCBuildConfiguration;
			buildSettings = {
				BUNDLE_LOADER = "$(BUILT_PRODUCTS_DIR)/StudyDictionary.app/StudyDictionary";
				FRAMEWORK_SEARCH_PATHS = (
					"$(SDKROOT)/Developer/Library/Frameworks",
					"$(DEVELOPER_LIBRARY_DIR)/Frameworks",
				);
				GCC_PRECOMPILE_PREFIX_HEADER = YES;
				GCC_PREFIX_HEADER = "StudyDictionary/StudyDictionary-Prefix.pch";
				INFOPLIST_FILE = "StudyDictionaryTests/StudyDictionaryTests-Info.plist";
				PRODUCT_NAME = "$(TARGET_NAME)";
				TEST_HOST = "$(BUNDLE_LOADER)";
				WRAPPER_EXTENSION = octest;
			};
			name = Debug;
		};
		0B0A67A9157C275E00C79FC2 /* Release */ = {
			isa = XCBuildConfiguration;
			buildSettings = {
				BUNDLE_LOADER = "$(BUILT_PRODUCTS_DIR)/StudyDictionary.app/StudyDictionary";
				FRAMEWORK_SEARCH_PATHS = (
					"$(SDKROOT)/Developer/Library/Frameworks",
					"$(DEVELOPER_LIBRARY_DIR)/Frameworks",
				);
				GCC_PRECOMPILE_PREFIX_HEADER = YES;
				GCC_PREFIX_HEADER = "StudyDictionary/StudyDictionary-Prefix.pch";
				INFOPLIST_FILE = "StudyDictionaryTests/StudyDictionaryTests-Info.plist";
				PRODUCT_NAME = "$(TARGET_NAME)";
				TEST_HOST = "$(BUNDLE_LOADER)";
				WRAPPER_EXTENSION = octest;
			};
			name = Release;
		};
/* End XCBuildConfiguration section */

/* Begin XCConfigurationList section */
		0B0A675D157C275D00C79FC2 /* Build configuration list for PBXProject "StudyDictionary" */ = {
			isa = XCConfigurationList;
			buildConfigurations = (
				0B0A67A2157C275E00C79FC2 /* Debug */,
				0B0A67A3157C275E00C79FC2 /* Release */,
			);
			defaultConfigurationIsVisible = 0;
			defaultConfigurationName = Release;
		};
		0B0A67A4157C275E00C79FC2 /* Build configuration list for PBXNativeTarget "StudyDictionary" */ = {
			isa = XCConfigurationList;
			buildConfigurations = (
				0B0A67A5157C275E00C79FC2 /* Debug */,
				0B0A67A6157C275E00C79FC2 /* Release */,
			);
			defaultConfigurationIsVisible = 0;
			defaultConfigurationName = Release;
		};
		0B0A67A7157C275E00C79FC2 /* Build configuration list for PBXNativeTarget "StudyDictionaryTests" */ = {
			isa = XCConfigurationList;
			buildConfigurations = (
				0B0A67A8157C275E00C79FC2 /* Debug */,
				0B0A67A9157C275E00C79FC2 /* Release */,
			);
			defaultConfigurationIsVisible = 0;
			defaultConfigurationName = Release;
		};
/* End XCConfigurationList section */

/* Begin XCVersionGroup section */
		0B8FD9F8157E966300AE370B /* StudyDictionary.xcdatamodeld */ = {
			isa = XCVersionGroup;
			children = (
				0B8FD9F9157E966300AE370B /* StudyDictionary.xcdatamodel */,
			);
			currentVersion = 0B8FD9F9157E966300AE370B /* StudyDictionary.xcdatamodel */;
			path = StudyDictionary.xcdatamodeld;
			sourceTree = "<group>";
			versionGroupType = wrapper.xcdatamodel;
		};
/* End XCVersionGroup section */
	};
	rootObject = 0B0A675A157C275D00C79FC2 /* Project object */;
}
